# THIS IS AN AUTOGENERATED FILE. DO NOT EDIT THIS FILE DIRECTLY.
# yarn lockfile v1


"@babel/runtime@^7.8.7":
  version "7.14.0"
  resolved "https://registry.npmjs.org/@babel/runtime/-/runtime-7.14.0.tgz"
  integrity sha512-JELkvo/DlpNdJ7dlyw/eY7E0suy5i5GQH+Vlxaq1nsNJ+H7f4Vtv3jMeCEgRhZZQFXTjldYfQgv2qmM6M1v5wA==
  dependencies:
    regenerator-runtime "^0.13.4"

"@rails/activestorage@^6.1.3":
  version "6.1.3"
  resolved "https://registry.npmjs.org/@rails/activestorage/-/activestorage-6.1.3.tgz"
  integrity sha512-9it2rc+79E+GP4GWX/P2M9/INcp1SicJaiF5yqj+k40x/JY+/eVdSAGfRCgq2G/FwkUdGlaKnG2OoDcXchczlw==
  dependencies:
    spark-md5 "^3.0.0"

"@rails/ujs@^6.1.3":
  version "6.1.3"
  resolved "https://registry.npmjs.org/@rails/ujs/-/ujs-6.1.3.tgz"
  integrity sha512-9mip5o+LVouWAqLMNJWhxda+D5uP+4RziNECgOGJlL6k3rc5SC/ljCHpV9Cym4i3oeGZkpZJ2tu4frCwt84kzQ==

abbrev@1:
  version "1.1.1"
  resolved "https://registry.npmjs.org/abbrev/-/abbrev-1.1.1.tgz"
  integrity sha512-nne9/IiQ/hzIhY6pdDnbBtz7DjPTKrY00P/zvPSm5pOFkl6xuGrGnXn/VtTNNfNtAfZ9/1RtehkszU9qcTii0Q==

acorn@^8.4.0:
  version "8.4.0"
  resolved "https://registry.npmjs.org/acorn/-/acorn-8.4.0.tgz"
  integrity sha512-ULr0LDaEqQrMFGyQ3bhJkLsbtrQ8QibAseGZeaSUiT/6zb9IvIkomWHJIvgvwad+hinRAgsI51JcWk2yvwyL+w==

ansi-colors@^4.1.1:
  version "4.1.1"
  resolved "https://registry.npmjs.org/ansi-colors/-/ansi-colors-4.1.1.tgz"
  integrity sha512-JoX0apGbHaUJBNl6yF+p6JAFYZ666/hhCGKN5t9QFjbJQKUU/g8MNbFDbvfrgKXvI1QpZplPOnwIo99lX/AAmA==

ansi-regex@^5.0.0:
  version "5.0.0"
  resolved "https://registry.npmjs.org/ansi-regex/-/ansi-regex-5.0.0.tgz"
  integrity sha512-bY6fj56OUQ0hU1KjFNDQuJFezqKdrAyFdIevADiqrWHwSlbmBNMHp5ak2f40Pm8JTFyM2mqxkG6ngkHO11f/lg==

ansi-styles@^4.0.0:
  version "4.3.0"
  resolved "https://registry.npmjs.org/ansi-styles/-/ansi-styles-4.3.0.tgz"
  integrity sha512-zbB9rCJAT1rbjiVDb2hqKFHNYLxgtk8NURxZ3IZwD3F6NtxbXZQCnnSi1Lkx+IDohdPlFp222wVALIheZJQSEg==
  dependencies:
    color-convert "^2.0.1"

anymatch@~3.1.1:
  version "3.1.2"
  resolved "https://registry.npmjs.org/anymatch/-/anymatch-3.1.2.tgz"
  integrity sha512-P43ePfOAIupkguHUycrc4qJ9kz8ZiuOUijaETwX7THt0Y/GNK7v0aa8rY816xWjZ7rJdA5XdMcpVFTKMq+RvWg==
  dependencies:
    normalize-path "^3.0.0"
    picomatch "^2.0.4"

balanced-match@^1.0.0:
  version "1.0.2"
  resolved "https://registry.npmjs.org/balanced-match/-/balanced-match-1.0.2.tgz"
  integrity sha512-3oSeUO0TMV67hN1AmbXsK4yaqU7tjiHlbxRDZOpH0KW9+CeX4bRAaX0Anxt0tx2MrpRpWwQaPwIlISEJhYU5Pw==

binary-extensions@^2.0.0:
  version "2.2.0"
  resolved "https://registry.npmjs.org/binary-extensions/-/binary-extensions-2.2.0.tgz"
  integrity sha512-jDctJ/IVQbZoJykoeHbhXpOlNBqGNcwXJKJog42E5HDPUwQTSdjCHdihjj0DlnheQ7blbT6dHOafNAiS8ooQKA==

boolbase@^1.0.0:
  version "1.0.0"
  resolved "https://registry.npmjs.org/boolbase/-/boolbase-1.0.0.tgz"
  integrity sha1-aN/1++YMUes3cl6p4+0xDcwed24= sha512-JZOSA7Mo9sNGB8+UjSgzdLtokWAky1zbztM3WRLCbZ70/3cTANmQmOdR7y2g+J0e2WXywy1yS468tY+IruqEww==

brace-expansion@^1.1.7:
  version "1.1.11"
  resolved "https://registry.npmjs.org/brace-expansion/-/brace-expansion-1.1.11.tgz"
  integrity sha512-iCuPHDFgrHX7H2vEI/5xpz07zSHB00TpugqhmYtVmMO6518mCuRMoOYFldEBl0g187ufozdaHgWKcYFb61qGiA==
  dependencies:
    balanced-match "^1.0.0"
    concat-map "0.0.1"

braces@~3.0.2:
  version "3.0.2"
  resolved "https://registry.npmjs.org/braces/-/braces-3.0.2.tgz"
  integrity sha512-b8um+L1RzM3WDSzvhm6gIz1yfTbBt6YTlcEKAvsmqCZZFw46z626lVj9j1yEPW33H5H+lBQpZMP1k8l+78Ha0A==
  dependencies:
    fill-range "^7.0.1"

camel-case@^3.0.0:
  version "3.0.0"
  resolved "https://registry.npmjs.org/camel-case/-/camel-case-3.0.0.tgz"
  integrity sha1-yjw2iKTpzzpM2nd9xNy8cTJJz3M= sha512-+MbKztAYHXPr1jNTSKQF52VpcFjwY5RkR7fxksV8Doo4KAYc5Fl4UJRgthBbTmEx8C54DqahhbLJkDwjI3PI/w==
  dependencies:
    no-case "^2.2.0"
    upper-case "^1.1.1"

cheerio-select@^1.5.0:
  version "1.5.0"
  resolved "https://registry.npmjs.org/cheerio-select/-/cheerio-select-1.5.0.tgz"
  integrity sha512-qocaHPv5ypefh6YNxvnbABM07KMxExbtbfuJoIie3iZXX1ERwYmJcIiRrr9H05ucQP1k28dav8rpdDgjQd8drg==
  dependencies:
    css-select "^4.1.3"
    css-what "^5.0.1"
    domelementtype "^2.2.0"
    domhandler "^4.2.0"
    domutils "^2.7.0"

cheerio@^1.0.0-rc.3, cheerio@1.0.0-rc.10:
  version "1.0.0-rc.10"
  resolved "https://registry.npmjs.org/cheerio/-/cheerio-1.0.0-rc.10.tgz"
  integrity sha512-g0J0q/O6mW8z5zxQ3A8E8J1hUgp4SMOvEoW/x84OwyHKe/Zccz83PVT4y5Crcr530FV6NgmKI1qvGTKVl9XXVw==
  dependencies:
    cheerio-select "^1.5.0"
    dom-serializer "^1.3.2"
    domhandler "^4.2.0"
    htmlparser2 "^6.1.0"
    parse5 "^6.0.1"
    parse5-htmlparser2-tree-adapter "^6.0.1"
    tslib "^2.2.0"

chokidar@^3.0.0:
  version "3.5.1"
  resolved "https://registry.npmjs.org/chokidar/-/chokidar-3.5.1.tgz"
  integrity sha512-9+s+Od+W0VJJzawDma/gvBNQqkTiqYTWLuZoyAsivsI4AaWTCzHG06/TMjsf1cYe9Cb97UCEhjz7HvnPk2p/tw==
  dependencies:
    anymatch "~3.1.1"
    braces "~3.0.2"
    glob-parent "~5.1.0"
    is-binary-path "~2.1.0"
    is-glob "~4.0.1"
    normalize-path "~3.0.0"
    readdirp "~3.5.0"
  optionalDependencies:
    fsevents "~2.3.1"

clean-css@^4.2.1:
  version "4.2.3"
  resolved "https://registry.npmjs.org/clean-css/-/clean-css-4.2.3.tgz"
  integrity sha512-VcMWDN54ZN/DS+g58HYL5/n4Zrqe8vHJpGA8KdgUXFU4fuP/aHNw8eld9SyEIyabIMJX/0RaY/fplOo5hYLSFA==
  dependencies:
    source-map "~0.6.0"

cliui@^7.0.2:
  version "7.0.4"
  resolved "https://registry.npmjs.org/cliui/-/cliui-7.0.4.tgz"
  integrity sha512-OcRE68cOsVMXp1Yvonl/fzkQOyjLSu/8bhPDfQt0e0/Eb283TKP20Fs2MqoPsr9SwA595rRCA+QMzYc9nBP+JQ==
  dependencies:
    string-width "^4.2.0"
    strip-ansi "^6.0.0"
    wrap-ansi "^7.0.0"

color-convert@^2.0.1:
  version "2.0.1"
  resolved "https://registry.npmjs.org/color-convert/-/color-convert-2.0.1.tgz"
  integrity sha512-RRECPsj7iu/xb5oKYcsFHSppFNnsj/52OVTRKb4zP5onXwVF3zVmmToNcOfGC+CRDpfK/U584fMg38ZHCaElKQ==
  dependencies:
    color-name "~1.1.4"

color-name@~1.1.4:
  version "1.1.4"
  resolved "https://registry.npmjs.org/color-name/-/color-name-1.1.4.tgz"
  integrity sha512-dOy+3AuW3a2wNbZHIuMZpTcgjGuLU/uBL/ubcZF9OXbDo8ff4O8yVp5Bf0efS8uEoYo5q4Fx7dY9OgQGXgAsQA==

commander@^2.19.0:
  version "2.20.3"
  resolved "https://registry.npmjs.org/commander/-/commander-2.20.3.tgz"
  integrity sha512-GpVkmM8vF2vQUkj2LvZmD35JxeJOLCwJ9cUkugyk2nuhbv3+mJvpLYYt+0+USMxE+oj+ey/lJEnhZw75x/OMcQ==

commander@^5.1.0:
  version "5.1.0"
  resolved "https://registry.npmjs.org/commander/-/commander-5.1.0.tgz"
  integrity sha512-P0CysNDQ7rtVw4QIQtm+MRxV66vKFSvlsQvGYXZWR3qFU0jlMKHZZZgw8e+8DSah4UDKMqnknRDQz+xuQXQ/Zg==

concat-map@0.0.1:
  version "0.0.1"
  resolved "https://registry.npmjs.org/concat-map/-/concat-map-0.0.1.tgz"
  integrity sha1-2Klr13/Wjfd5OnMDajug1UBdR3s= sha512-/Srv4dswyQNBfohGpz9o6Yb3Gz3SrUDqBH5rTuhGR7ahtlbYKnVxw2bCFMRljaA7EXHaXZ8wsHdodFvbkhKmqg==

config-chain@^1.1.12:
  version "1.1.12"
  resolved "https://registry.npmjs.org/config-chain/-/config-chain-1.1.12.tgz"
  integrity sha512-a1eOIcu8+7lUInge4Rpf/n4Krkf3Dd9lqhljRzII1/Zno/kRtUWnznPO3jOKBmTEktkt3fkxisUcivoj0ebzoA==
  dependencies:
    ini "^1.3.4"
    proto-list "~1.2.1"

core-js@^3.14.0:
  version "3.14.0"
  resolved "https://registry.npmjs.org/core-js/-/core-js-3.14.0.tgz"
  integrity sha512-3s+ed8er9ahK+zJpp9ZtuVcDoFzHNiZsPbNAAE4KXgrRHbjSqqNN6xGSXq6bq7TZIbKj4NLrLb6bJ5i+vSVjHA==

css-select@^4.1.3:
  version "4.1.3"
  resolved "https://registry.npmjs.org/css-select/-/css-select-4.1.3.tgz"
  integrity sha512-gT3wBNd9Nj49rAbmtFHj1cljIAOLYSX1nZ8CB7TBO3INYckygm5B7LISU/szY//YmdiSLbJvDLOx9VnMVpMBxA==
  dependencies:
    boolbase "^1.0.0"
    css-what "^5.0.0"
    domhandler "^4.2.0"
    domutils "^2.6.0"
    nth-check "^2.0.0"

css-what@^5.0.0, css-what@^5.0.1:
  version "5.0.1"
  resolved "https://registry.npmjs.org/css-what/-/css-what-5.0.1.tgz"
  integrity sha512-FYDTSHb/7KXsWICVsxdmiExPjCfRC4qRFBdVwv7Ax9hMnvMmEjP9RfxTEZ3qPZGmADDn2vAKSo9UcN1jKVYscg==

detect-node@2.0.4:
  version "2.0.4"
  resolved "https://registry.npmjs.org/detect-node/-/detect-node-2.0.4.tgz"
  integrity sha512-ZIzRpLJrOj7jjP2miAtgqIfmzbxa4ZOr5jJc601zklsfEx9oTzmmj2nVpIPRpNlRTIh8lc1kyViIY7BWSGNmKw==

dom-serializer@^1.0.1, dom-serializer@^1.3.2:
  version "1.3.2"
  resolved "https://registry.npmjs.org/dom-serializer/-/dom-serializer-1.3.2.tgz"
  integrity sha512-5c54Bk5Dw4qAxNOI1pFEizPSjVsx5+bpJKmL2kPn8JhBUq2q09tTCa3mjijun2NfK78NMouDYNMBkOrPZiS+ig==
  dependencies:
    domelementtype "^2.0.1"
    domhandler "^4.2.0"
    entities "^2.0.0"

domelementtype@^2.0.1, domelementtype@^2.2.0:
  version "2.2.0"
  resolved "https://registry.npmjs.org/domelementtype/-/domelementtype-2.2.0.tgz"
  integrity sha512-DtBMo82pv1dFtUmHyr48beiuq792Sxohr+8Hm9zoxklYPfa6n0Z3Byjj2IV7bmr2IyqClnqEQhfgHJJ5QF0R5A==

domhandler@^3.0.0:
  version "3.3.0"
  resolved "https://registry.npmjs.org/domhandler/-/domhandler-3.3.0.tgz"
  integrity sha512-J1C5rIANUbuYK+FuFL98650rihynUOEzRLxW+90bKZRWB6A1X1Tf82GxR1qAWLyfNPRvjqfip3Q5tdYlmAa9lA==
  dependencies:
    domelementtype "^2.0.1"

domhandler@^4.0.0, domhandler@^4.2.0:
  version "4.2.0"
  resolved "https://registry.npmjs.org/domhandler/-/domhandler-4.2.0.tgz"
  integrity sha512-zk7sgt970kzPks2Bf+dwT/PLzghLnsivb9CcxkvR8Mzr66Olr0Ofd8neSbglHJHaHa2MadfoSdNlKYAaafmWfA==
  dependencies:
    domelementtype "^2.2.0"

domutils@^2.0.0, domutils@^2.5.2, domutils@^2.6.0, domutils@^2.7.0:
  version "2.7.0"
  resolved "https://registry.npmjs.org/domutils/-/domutils-2.7.0.tgz"
  integrity sha512-8eaHa17IwJUPAiB+SoTYBo5mCdeMgdcAoXJ59m6DT1vw+5iLS3gNoqYaRowaBKtGVrOF1Jz4yDTgYKLK2kvfJg==
  dependencies:
    dom-serializer "^1.0.1"
    domelementtype "^2.2.0"
    domhandler "^4.2.0"

editorconfig@^0.15.3:
  version "0.15.3"
  resolved "https://registry.npmjs.org/editorconfig/-/editorconfig-0.15.3.tgz"
  integrity sha512-M9wIMFx96vq0R4F+gRpY3o2exzb8hEj/n9S8unZtHSvYjibBp/iMufSzvmOcV/laG0ZtuTVGtiJggPOSW2r93g==
  dependencies:
    commander "^2.19.0"
    lru-cache "^4.1.5"
    semver "^5.6.0"
    sigmund "^1.0.1"

emoji-regex@^8.0.0:
  version "8.0.0"
  resolved "https://registry.npmjs.org/emoji-regex/-/emoji-regex-8.0.0.tgz"
  integrity sha512-MSjYzcWNOA0ewAHpz0MxpYFvwg6yjy1NG3xteoqz644VCo/RPgnr1/GGt+ic3iJTzQ8Eu3TdM14SawnVUmGE6A==

entities@^2.0.0:
  version "2.2.0"
  resolved "https://registry.npmjs.org/entities/-/entities-2.2.0.tgz"
  integrity sha512-p92if5Nz619I0w+akJrLZH0MX0Pb5DX39XOwQTtXSdQQOaYH03S1uIQp4mhOZtAXrxq4ViO67YTiLBo2638o9A==

escalade@^3.1.1:
  version "3.1.1"
  resolved "https://registry.npmjs.org/escalade/-/escalade-3.1.1.tgz"
  integrity sha512-k0er2gUkLf8O0zKJiAhmkTnJlTvINGv7ygDNPbeIsX/TJjGJZHuh9B2UxbsaEkmlEo9MfhrSzmhIlhRlI2GXnw==

escape-goat@^3.0.0:
  version "3.0.0"
  resolved "https://registry.npmjs.org/escape-goat/-/escape-goat-3.0.0.tgz"
  integrity sha512-w3PwNZJwRxlp47QGzhuEBldEqVHHhh8/tIPcl6ecf2Bou99cdAt0knihBV0Ecc7CGxYduXVBDheH1K2oADRlvw==

fast-xml-parser@^3.19.0:
  version "3.19.0"
  resolved "https://registry.npmjs.org/fast-xml-parser/-/fast-xml-parser-3.19.0.tgz"
  integrity sha512-4pXwmBplsCPv8FOY1WRakF970TjNGnGnfbOnLqjlYvMiF1SR3yOHyxMR/YCXpPTOspNF5gwudqktIP4VsWkvBg==

fill-range@^7.0.1:
  version "7.0.1"
  resolved "https://registry.npmjs.org/fill-range/-/fill-range-7.0.1.tgz"
  integrity sha512-qOo9F+dMUmC2Lcb4BbVvnKJxTPjCm+RRpe4gDuGrzkL7mEVl/djYSu2OdQ2Pa302N4oqkSg9ir6jaLWJ2USVpQ==
  dependencies:
    to-regex-range "^5.0.1"

fs.realpath@^1.0.0:
  version "1.0.0"
  resolved "https://registry.npmjs.org/fs.realpath/-/fs.realpath-1.0.0.tgz"
  integrity sha1-FQStJSMVjKpA20onh8sBQRmU6k8= sha512-OO0pH2lK6a0hZnAdau5ItzHPI6pUlvI7jMVnxUQRtw4owF2wk8lOSabtGDCTP4Ggrg2MbGnWO9X8K1t4+fGMDw==

get-caller-file@^2.0.5:
  version "2.0.5"
  resolved "https://registry.npmjs.org/get-caller-file/-/get-caller-file-2.0.5.tgz"
  integrity sha512-DyFP3BM/3YHTQOCUL/w0OZHR0lpKeGrxotcHWcqNEdnltqFwXVfhEBQ94eIo34AfQpo0rGki4cyIiftY06h2Fg==

glob-parent@~5.1.0:
  version "5.1.2"
  resolved "https://registry.npmjs.org/glob-parent/-/glob-parent-5.1.2.tgz"
  integrity sha512-AOIgSQCepiJYwP3ARnGx+5VnTu2HBYdzbGP45eLw1vr3zB3vZLeyed1sC9hnbcOc9/SrMyM5RPQrkGz4aS9Zow==
  dependencies:
    is-glob "^4.0.1"

glob@^7.1.1, glob@^7.1.3:
  version "7.1.7"
  resolved "https://registry.npmjs.org/glob/-/glob-7.1.7.tgz"
  integrity sha512-OvD9ENzPLbegENnYP5UUfJIirTg4+XwMWGaQfQTY0JenxNvvIKP3U3/tAQSPIu/lHxXYSZmpXlUHeqAIdKzBLQ==
  dependencies:
    fs.realpath "^1.0.0"
    inflight "^1.0.4"
    inherits "2"
    minimatch "^3.0.4"
    once "^1.3.0"
    path-is-absolute "^1.0.0"

he@^1.2.0:
  version "1.2.0"
  resolved "https://registry.npmjs.org/he/-/he-1.2.0.tgz"
  integrity sha512-F/1DnUGPopORZi0ni+CvrCgHQ5FyEAHRLSApuYWMmrbSwoN2Mn/7k+Gl38gJnR7yyDZk6WLXwiGod1JOWNDKGw==

html-minifier@^4.0.0:
  version "4.0.0"
  resolved "https://registry.npmjs.org/html-minifier/-/html-minifier-4.0.0.tgz"
  integrity sha512-aoGxanpFPLg7MkIl/DDFYtb0iWz7jMFGqFhvEDZga6/4QTjneiD8I/NXL1x5aaoCp7FSIT6h/OhykDdPsbtMig==
  dependencies:
    camel-case "^3.0.0"
    clean-css "^4.2.1"
    commander "^2.19.0"
    he "^1.2.0"
    param-case "^2.1.1"
    relateurl "^0.2.7"
    uglify-js "^3.5.1"

htmlparser2@^4.0.0:
  version "4.1.0"
  resolved "https://registry.npmjs.org/htmlparser2/-/htmlparser2-4.1.0.tgz"
  integrity sha512-4zDq1a1zhE4gQso/c5LP1OtrhYTncXNSpvJYtWJBtXAETPlMfi3IFNjGuQbYLuVY4ZR0QMqRVvo4Pdy9KLyP8Q==
  dependencies:
    domelementtype "^2.0.1"
    domhandler "^3.0.0"
    domutils "^2.0.0"
    entities "^2.0.0"

htmlparser2@^4.1.0:
  version "4.1.0"
  resolved "https://registry.npmjs.org/htmlparser2/-/htmlparser2-4.1.0.tgz"
  integrity sha512-4zDq1a1zhE4gQso/c5LP1OtrhYTncXNSpvJYtWJBtXAETPlMfi3IFNjGuQbYLuVY4ZR0QMqRVvo4Pdy9KLyP8Q==
  dependencies:
    domelementtype "^2.0.1"
    domhandler "^3.0.0"
    domutils "^2.0.0"
    entities "^2.0.0"

htmlparser2@^6.1.0:
  version "6.1.0"
  resolved "https://registry.npmjs.org/htmlparser2/-/htmlparser2-6.1.0.tgz"
  integrity sha512-gyyPk6rgonLFEDGoeRgQNaEUvdJ4ktTmmUh/h2t7s+M8oPpIPxgNACWa+6ESR57kXstwqPiCut0V8NRpcwgU7A==
  dependencies:
    domelementtype "^2.0.1"
    domhandler "^4.0.0"
    domutils "^2.5.2"
    entities "^2.0.0"

inflight@^1.0.4:
  version "1.0.6"
  resolved "https://registry.npmjs.org/inflight/-/inflight-1.0.6.tgz"
  integrity sha1-Sb1jMdfQLQwJvJEKEHW6gWW1bfk= sha512-k92I/b08q4wvFscXCLvqfsHCrjrF7yiXsQuIVvVE7N82W3+aqpzuUdBbfhWcy/FZR3/4IgflMgKLOsvPDrGCJA==
  dependencies:
    once "^1.3.0"
    wrappy "1"

inherits@2:
  version "2.0.4"
  resolved "https://registry.npmjs.org/inherits/-/inherits-2.0.4.tgz"
  integrity sha512-k/vGaX4/Yla3WzyMCvTQOXYeIHvqOKtnqBduzTHpzpQZzAskKMhZ2K+EnBiSM9zGSoIFeMpXKxa4dYeZIQqewQ==

ini@^1.3.4:
  version "1.3.8"
  resolved "https://registry.npmjs.org/ini/-/ini-1.3.8.tgz"
  integrity sha512-JV/yugV2uzW5iMRSiZAyDtQd+nxtUnjeLt0acNdw98kKLrvuRVyB80tsREOE7yvGVgalhZ6RNXCmEHkUKBKxew==

is-binary-path@~2.1.0:
  version "2.1.0"
  resolved "https://registry.npmjs.org/is-binary-path/-/is-binary-path-2.1.0.tgz"
  integrity sha512-ZMERYes6pDydyuGidse7OsHxtbI7WVeUEozgR/g7rd0xUimYNlvZRE/K2MgZTjWy725IfelLeVcEM97mmtRGXw==
  dependencies:
    binary-extensions "^2.0.0"

is-extglob@^2.1.1:
  version "2.1.1"
  resolved "https://registry.npmjs.org/is-extglob/-/is-extglob-2.1.1.tgz"
  integrity sha1-qIwCU1eR8C7TfHahueqXc8gz+MI= sha512-SbKbANkN603Vi4jEZv49LeVJMn4yGwsbzZworEoyEiutsN3nJYdbO36zfhGJ6QEDpOZIFkDtnq5JRxmvl3jsoQ==

is-fullwidth-code-point@^3.0.0:
  version "3.0.0"
  resolved "https://registry.npmjs.org/is-fullwidth-code-point/-/is-fullwidth-code-point-3.0.0.tgz"
  integrity sha512-zymm5+u+sCsSWyD9qNaejV3DFvhCKclKdizYaJUuHA83RLjb7nSuGnddCHGv0hk+KY7BMAlsWeK4Ueg6EV6XQg==

is-glob@^4.0.1, is-glob@~4.0.1:
  version "4.0.1"
  resolved "https://registry.npmjs.org/is-glob/-/is-glob-4.0.1.tgz"
  integrity sha512-5G0tKtBTFImOqDnLB2hG6Bp2qcKEFduo4tZu9MT/H6NQv/ghhy30o55ufafxJ/LdH79LLs2Kfrn85TLKyA7BUg==
  dependencies:
    is-extglob "^2.1.1"

is-number@^7.0.0:
  version "7.0.0"
  resolved "https://registry.npmjs.org/is-number/-/is-number-7.0.0.tgz"
  integrity sha512-41Cifkg6e8TylSpdtTpeLVMqvSBEVzTttHvERD741+pnZ8ANv0004MRL43QKPDlK9cGvNp6NZWZUBlbGXYxxng==

is-svg@^4.2.2:
  version "4.3.1"
  resolved "https://registry.npmjs.org/is-svg/-/is-svg-4.3.1.tgz"
  integrity sha512-h2CGs+yPUyvkgTJQS9cJzo9lYK06WgRiXUqBBHtglSzVKAuH4/oWsqk7LGfbSa1hGk9QcZ0SyQtVggvBA8LZXA==
  dependencies:
    fast-xml-parser "^3.19.0"

jquery-ui@^1.12.1:
  version "1.12.1"
  resolved "https://registry.npmjs.org/jquery-ui/-/jquery-ui-1.12.1.tgz"
  integrity sha1-vLQEXI3QU5wTS8FIjN0+dop6nlE= sha512-K/kDBMXkTky5LH+gqbMvttU1ipqCTaecKyAFjwHjUnPTVfm5I5PZC7We31iNR3yWtAHNqoxkLoit06lR/gKVlA==

jquery@^3.6.0, jquery@>=1.7.0:
  version "3.6.0"
  resolved "https://registry.npmjs.org/jquery/-/jquery-3.6.0.tgz"
  integrity sha512-JVzAR/AjBvVt2BmYhxRCSYysDsPcssdmTFnzyLEts9qNwmjmu4JTAMYubEfwVOSwpQ1I1sKKFcxhZCI2buerfw==

js-beautify@^1.6.14:
  version "1.13.13"
  resolved "https://registry.npmjs.org/js-beautify/-/js-beautify-1.13.13.tgz"
  integrity sha512-oH+nc0U5mOAqX8M5JO1J0Pw/7Q35sAdOsM5W3i87pir9Ntx6P/5Gx1xLNoK+MGyvHk4rqqRCE4Oq58H6xl2W7A==
  dependencies:
    config-chain "^1.1.12"
    editorconfig "^0.15.3"
    glob "^7.1.3"
    mkdirp "^1.0.4"
    nopt "^5.0.0"

juice@^7.0.0:
  version "7.0.0"
  resolved "https://registry.npmjs.org/juice/-/juice-7.0.0.tgz"
  integrity sha512-AjKQX31KKN+uJs+zaf+GW8mBO/f/0NqSh2moTMyvwBY+4/lXIYTU8D8I2h6BAV3Xnz6GGsbalUyFqbYMe+Vh+Q==
  dependencies:
    cheerio "^1.0.0-rc.3"
    commander "^5.1.0"
    mensch "^0.3.4"
    slick "^1.12.2"
    web-resource-inliner "^5.0.0"

lodash@^4.17.15:
  version "4.17.21"
  resolved "https://registry.npmjs.org/lodash/-/lodash-4.17.21.tgz"
  integrity sha512-v2kDEe57lecTulaDIuNTPy3Ry4gLGJ6Z1O3vE1krgXZNrsQ+LFTGHVxVjcXPs17LhbZVGedAJv8XZ1tvj5FvSg==

lower-case@^1.1.1:
  version "1.1.4"
  resolved "https://registry.npmjs.org/lower-case/-/lower-case-1.1.4.tgz"
  integrity sha1-miyr0bno4K6ZOkv31YdcOcQujqw= sha512-2Fgx1Ycm599x+WGpIYwJOvsjmXFzTSc34IwDWALRA/8AopUKAVPwfJ+h5+f85BCp0PWmmJcWzEpxOpoXycMpdA==

lru-cache@^4.1.5:
  version "4.1.5"
  resolved "https://registry.npmjs.org/lru-cache/-/lru-cache-4.1.5.tgz"
  integrity sha512-sWZlbEP2OsHNkXrMl5GYk/jKk70MBng6UU4YI/qGDYbgf6YbP4EvmqISbXCoJiRKs+1bSpFHVgQxvJ17F2li5g==
  dependencies:
    pseudomap "^1.0.2"
    yallist "^2.1.2"

mensch@^0.3.4:
  version "0.3.4"
  resolved "https://registry.npmjs.org/mensch/-/mensch-0.3.4.tgz"
  integrity sha512-IAeFvcOnV9V0Yk+bFhYR07O3yNina9ANIN5MoXBKYJ/RLYPurd2d0yw14MDhpr9/momp0WofT1bPUh3hkzdi/g==

mime@^2.4.6:
  version "2.5.2"
  resolved "https://registry.npmjs.org/mime/-/mime-2.5.2.tgz"
  integrity sha512-tqkh47FzKeCPD2PUiPB6pkbMzsCasjxAfC62/Wap5qrUWcb+sFasXUC5I3gYM5iBM8v/Qpn4UK0x+j0iHyFPDg==

minimatch@^3.0.4:
  version "3.0.4"
  resolved "https://registry.npmjs.org/minimatch/-/minimatch-3.0.4.tgz"
  integrity sha512-yJHVQEhyqPLUTgt9B83PXu6W3rx4MvvHvSUvToogpwoGDOUQ+yDrR0HRot+yOCdCO7u4hX3pWft6kWBBcqh0UA==
  dependencies:
    brace-expansion "^1.1.7"

minimist@^1.2.5:
  version "1.2.5"
  resolved "https://registry.npmjs.org/minimist/-/minimist-1.2.5.tgz"
  integrity sha512-FM9nNUYrRBAELZQT3xeZQ7fmMOBg6nWNmJKTcgsJeaLstP/UODVpGsr5OhXhhXg6f+qtJ8uiZ+PUxkDWcgIXLw==

mjml-accordion@4.10.0:
  version "4.10.0"
  resolved "https://registry.npmjs.org/mjml-accordion/-/mjml-accordion-4.10.0.tgz"
  integrity sha512-4EWOmEmu4+KsvAfJ8vcIHF3mFjXzXc/oWv67+bUqGeGkPUhW6kWuZJ6PmCr0Fsh4V5mSOjuETIdopen57Jonxg==
  dependencies:
    "@babel/runtime" "^7.8.7"
    lodash "^4.17.15"
    mjml-core "4.10.0"

mjml-body@4.10.0:
  version "4.10.0"
  resolved "https://registry.npmjs.org/mjml-body/-/mjml-body-4.10.0.tgz"
  integrity sha512-f21DPYGcxOAORc3KV3RhnyCgankOdulyps85Zx06xHndi44oN62n5SDR0Q1exIXrwkGnUOZH9pZeRUm1EsbuRw==
  dependencies:
    "@babel/runtime" "^7.8.7"
    lodash "^4.17.15"
    mjml-core "4.10.0"

mjml-button@4.10.0:
  version "4.10.0"
  resolved "https://registry.npmjs.org/mjml-button/-/mjml-button-4.10.0.tgz"
  integrity sha512-bNyvuG7cuVHnCimAKBJV3bs0zyCsqZbEdipBMLlddW0TRGje0CMFnPtOIpOMt90LoVnh6DsqYAl/tUpu1GRvTg==
  dependencies:
    "@babel/runtime" "^7.8.7"
    lodash "^4.17.15"
    mjml-core "4.10.0"

mjml-carousel@4.10.0:
  version "4.10.0"
  resolved "https://registry.npmjs.org/mjml-carousel/-/mjml-carousel-4.10.0.tgz"
  integrity sha512-oELCcXGvkeAwSAU9ZZCJ2jxnXLVc+Rwf6ls0z8Vy+KN/ypM2ZEwQJ+PqSBN6I2PVwjvHL4HMeOM5RZLSlZv/kQ==
  dependencies:
    "@babel/runtime" "^7.8.7"
    lodash "^4.17.15"
    mjml-core "4.10.0"

mjml-cli@4.10.0:
  version "4.10.0"
  resolved "https://registry.npmjs.org/mjml-cli/-/mjml-cli-4.10.0.tgz"
  integrity sha512-Lw1QUvWh9ecagrFr9FxitMisVCggk4h9rNPJqXaNwVlnMtDioG0F46r6vdNcu+SEftBeowcCEADhj0vwzqXIZQ==
  dependencies:
    "@babel/runtime" "^7.8.7"
    chokidar "^3.0.0"
    glob "^7.1.1"
    html-minifier "^4.0.0"
    js-beautify "^1.6.14"
    lodash "^4.17.15"
    mjml-core "4.10.0"
    mjml-migrate "4.10.0"
    mjml-parser-xml "4.10.0"
    mjml-validator "4.10.0"
    yargs "^16.1.0"

mjml-column@4.10.0:
  version "4.10.0"
  resolved "https://registry.npmjs.org/mjml-column/-/mjml-column-4.10.0.tgz"
  integrity sha512-k8dc9rvyXJq8Evu+zJvNiC/JsU0ijrRUKvq6KFJ/X2vyGNcJVzQ4TzSU0EzFHIA8gi9fn8Tk0dxZb7NN7Am/WQ==
  dependencies:
    "@babel/runtime" "^7.8.7"
    lodash "^4.17.15"
    mjml-core "4.10.0"

mjml-core@4.10.0:
  version "4.10.0"
  resolved "https://registry.npmjs.org/mjml-core/-/mjml-core-4.10.0.tgz"
  integrity sha512-esN5HNIy5OAFKuJ+L9mJZQlsQO7+3gIESdF+wIPg4Jm1uaAKYb1dFBGortH707iCPzyEQFzXzbklM7Sb7LtmOg==
  dependencies:
    "@babel/runtime" "^7.8.7"
    cheerio "1.0.0-rc.10"
    detect-node "2.0.4"
    html-minifier "^4.0.0"
    js-beautify "^1.6.14"
    juice "^7.0.0"
    lodash "^4.17.15"
    mjml-migrate "4.10.0"
    mjml-parser-xml "4.10.0"
    mjml-validator "4.10.0"

mjml-divider@4.10.0:
  version "4.10.0"
  resolved "https://registry.npmjs.org/mjml-divider/-/mjml-divider-4.10.0.tgz"
  integrity sha512-fD40gflj3PFlvKYBGDYcJFpwdTRwijE/Nz3lurR0awRDyFdpGPWenwrml9XQn1kNgcw2yESFii6Mx+CIe9eUkg==
  dependencies:
    "@babel/runtime" "^7.8.7"
    lodash "^4.17.15"
    mjml-core "4.10.0"

mjml-group@4.10.0:
  version "4.10.0"
  resolved "https://registry.npmjs.org/mjml-group/-/mjml-group-4.10.0.tgz"
  integrity sha512-w6YyzAelF0+4IT1SNVxD+baJ3Gl8uxKmYZtduWtthWX77Xmrup7hSySHQmdNOFYnGZmRE5ZVuqUyUsnwTHNpvA==
  dependencies:
    "@babel/runtime" "^7.8.7"
    lodash "^4.17.15"
    mjml-core "4.10.0"

mjml-head-attributes@4.10.0:
  version "4.10.0"
  resolved "https://registry.npmjs.org/mjml-head-attributes/-/mjml-head-attributes-4.10.0.tgz"
  integrity sha512-IOSky9pn2C2+GrHu2Ol2h5SrX3hDNcxyUPPNdhiERp993ssWnQbmRDEaB1fVKgZs0ftVadVSuwI2hKuEHWiwug==
  dependencies:
    "@babel/runtime" "^7.8.7"
    lodash "^4.17.15"
    mjml-core "4.10.0"

mjml-head-breakpoint@4.10.0:
  version "4.10.0"
  resolved "https://registry.npmjs.org/mjml-head-breakpoint/-/mjml-head-breakpoint-4.10.0.tgz"
  integrity sha512-6oA9GwMJPZ/LVdgBR+vc8BV/idgkPH70g9WCkHt9S4cH9b0OIPdBsOKBoAPz/lD4D7npNr/l9LTpGAz+R/j9fA==
  dependencies:
    "@babel/runtime" "^7.8.7"
    lodash "^4.17.15"
    mjml-core "4.10.0"

mjml-head-font@4.10.0:
  version "4.10.0"
  resolved "https://registry.npmjs.org/mjml-head-font/-/mjml-head-font-4.10.0.tgz"
  integrity sha512-F1MdGBAXAuAHnzjqX2PwSa8qiaaLYo4at1imqjXXLO7ue35NdXM0H2m09t1vVHcyRjlpxcvGUXsHAQGpRLXO9A==
  dependencies:
    "@babel/runtime" "^7.8.7"
    lodash "^4.17.15"
    mjml-core "4.10.0"

mjml-head-html-attributes@4.10.0:
  version "4.10.0"
  resolved "https://registry.npmjs.org/mjml-head-html-attributes/-/mjml-head-html-attributes-4.10.0.tgz"
  integrity sha512-HHEG+yZy16haLHo95rE+GKM/uWVaKpoTa2KUUGnH8386BnmjITrg3aOagLchdI550kj4jvxpxr2E8E0ED3a6cA==
  dependencies:
    "@babel/runtime" "^7.8.7"
    lodash "^4.17.15"
    mjml-core "4.10.0"

mjml-head-preview@4.10.0:
  version "4.10.0"
  resolved "https://registry.npmjs.org/mjml-head-preview/-/mjml-head-preview-4.10.0.tgz"
  integrity sha512-8OnfeZgTPRqI0VBT9GhmoaWGVkWpjKbvx0ENqw6ILc6zcaIfw9IKpJT9rZQGybosxv07eWEy6ohpmGMwQkp7VQ==
  dependencies:
    "@babel/runtime" "^7.8.7"
    lodash "^4.17.15"
    mjml-core "4.10.0"

mjml-head-style@4.10.0:
  version "4.10.0"
  resolved "https://registry.npmjs.org/mjml-head-style/-/mjml-head-style-4.10.0.tgz"
  integrity sha512-CVmmncJO6nkqVQEPD6BOxiPKUO88BjOtPZC/ZKpUvQE9XZWkkgosF7Wk2o89fipo7q8ZD0BxmSNq7RNA8/LQrg==
  dependencies:
    "@babel/runtime" "^7.8.7"
    lodash "^4.17.15"
    mjml-core "4.10.0"

mjml-head-title@4.10.0:
  version "4.10.0"
  resolved "https://registry.npmjs.org/mjml-head-title/-/mjml-head-title-4.10.0.tgz"
  integrity sha512-aFY0CpCYbKqkaMSVqnIEtYo0dVMdTWCeNbzVT9qf9oeg6HnWVRJbN/MXYCQJe4xR3dDAbdosSY4H4+33S/SIbQ==
  dependencies:
    "@babel/runtime" "^7.8.7"
    lodash "^4.17.15"
    mjml-core "4.10.0"

mjml-head@4.10.0:
  version "4.10.0"
  resolved "https://registry.npmjs.org/mjml-head/-/mjml-head-4.10.0.tgz"
  integrity sha512-+lw1W2erI80pxDvFaTneaZ2Lwy8u515A33mhCThu6XkyuLHw98ghye4KyjO4Tv8ezVv8T+zv7Q/qm4D0ZnDj+w==
  dependencies:
    "@babel/runtime" "^7.8.7"
    lodash "^4.17.15"
    mjml-core "4.10.0"

mjml-hero@4.10.0:
  version "4.10.0"
  resolved "https://registry.npmjs.org/mjml-hero/-/mjml-hero-4.10.0.tgz"
  integrity sha512-2X7gIJtbrFgjw7A/MzhvHfYsSZfJlCFVPxe/Av/dgApcgXmf3QnSCvuMiydGH6spief4k9rOT9QzueMZ0WvFog==
  dependencies:
    "@babel/runtime" "^7.8.7"
    lodash "^4.17.15"
    mjml-core "4.10.0"

mjml-image@4.10.0:
  version "4.10.0"
  resolved "https://registry.npmjs.org/mjml-image/-/mjml-image-4.10.0.tgz"
  integrity sha512-2EeScaDcltRUnI4F4F0wa/MmxjuifcfzuEP1Nvn/Pf0RWlntjjuypng3z+9bao6NaG16sBSjg2FDcE/G/URCCQ==
  dependencies:
    "@babel/runtime" "^7.8.7"
    lodash "^4.17.15"
    mjml-core "4.10.0"

mjml-migrate@4.10.0:
  version "4.10.0"
  resolved "https://registry.npmjs.org/mjml-migrate/-/mjml-migrate-4.10.0.tgz"
  integrity sha512-Vy4vGWLMkrMl06f2V57021l46ri+7cmRSfDq7KSbluIa9gYLPB9vOxdioBYRh/MiN2jpmvFuO2L22yzLvf/8Yg==
  dependencies:
    "@babel/runtime" "^7.8.7"
    js-beautify "^1.6.14"
    lodash "^4.17.15"
    mjml-core "4.10.0"
    mjml-parser-xml "4.10.0"
    yargs "^16.1.0"

mjml-navbar@4.10.0:
  version "4.10.0"
  resolved "https://registry.npmjs.org/mjml-navbar/-/mjml-navbar-4.10.0.tgz"
  integrity sha512-wlowirXSmE6GTN0UK/wp6JD/3FKQEwR40coGw9sVhOXnV/Aug8H5DzAQiagleaDzoGMJMnEUAtb2a6SBqRMjSw==
  dependencies:
    "@babel/runtime" "^7.8.7"
    lodash "^4.17.15"
    mjml-core "4.10.0"

mjml-parser-xml@4.10.0:
  version "4.10.0"
  resolved "https://registry.npmjs.org/mjml-parser-xml/-/mjml-parser-xml-4.10.0.tgz"
  integrity sha512-1IyC8gOh3C2DLf4hJlQntTrbdwcj5DCe3y0DK+DgQBWVFL5uTNwYwMWN4LvqLvPHRPgAtMNw2yAobsrCZ4A0RQ==
  dependencies:
    "@babel/runtime" "^7.8.7"
    detect-node "2.0.4"
    htmlparser2 "^4.1.0"
    lodash "^4.17.15"

mjml-preset-core@4.10.0:
  version "4.10.0"
  resolved "https://registry.npmjs.org/mjml-preset-core/-/mjml-preset-core-4.10.0.tgz"
  integrity sha512-fCzIdgQndJpvHOYi7yhLY1eFh8cQLe6JGRGv8UlB4VD2gYaogrQvCAuUQrck6Qb7VxvwDs7r2odAPo2B4tYuTw==
  dependencies:
    "@babel/runtime" "^7.8.7"
    mjml-accordion "4.10.0"
    mjml-body "4.10.0"
    mjml-button "4.10.0"
    mjml-carousel "4.10.0"
    mjml-column "4.10.0"
    mjml-divider "4.10.0"
    mjml-group "4.10.0"
    mjml-head "4.10.0"
    mjml-head-attributes "4.10.0"
    mjml-head-breakpoint "4.10.0"
    mjml-head-font "4.10.0"
    mjml-head-html-attributes "4.10.0"
    mjml-head-preview "4.10.0"
    mjml-head-style "4.10.0"
    mjml-head-title "4.10.0"
    mjml-hero "4.10.0"
    mjml-image "4.10.0"
    mjml-navbar "4.10.0"
    mjml-raw "4.10.0"
    mjml-section "4.10.0"
    mjml-social "4.10.0"
    mjml-spacer "4.10.0"
    mjml-table "4.10.0"
    mjml-text "4.10.0"
    mjml-wrapper "4.10.0"

mjml-raw@4.10.0:
  version "4.10.0"
  resolved "https://registry.npmjs.org/mjml-raw/-/mjml-raw-4.10.0.tgz"
  integrity sha512-rPIE1v/J5hXp4OtOAdpeWg6j/IhIEIR/5AX3no7fXzayh0SDBeCiwvLu6yuj4JeNllqsHrypNnqvvzrRgfqPWQ==
  dependencies:
    "@babel/runtime" "^7.8.7"
    lodash "^4.17.15"
    mjml-core "4.10.0"

mjml-section@4.10.0:
  version "4.10.0"
  resolved "https://registry.npmjs.org/mjml-section/-/mjml-section-4.10.0.tgz"
  integrity sha512-ZdqB7oWTSvF2JqJDfYJnhwhJmee0vcxfN4WRoQozLweJsqtPindndVhpjEEQVjBKb5NHotG03HU1iPhipWz0Dw==
  dependencies:
    "@babel/runtime" "^7.8.7"
    lodash "^4.17.15"
    mjml-core "4.10.0"

mjml-social@4.10.0:
  version "4.10.0"
  resolved "https://registry.npmjs.org/mjml-social/-/mjml-social-4.10.0.tgz"
  integrity sha512-R0R9SIPzZGNcUl1JfGq1LSZUneZPjpKIj2Z+vejsX4hS4vOYWgylvViSSwCjF38z4YoA6efCCC5KkSz3Lmke7w==
  dependencies:
    "@babel/runtime" "^7.8.7"
    lodash "^4.17.15"
    mjml-core "4.10.0"

mjml-spacer@4.10.0:
  version "4.10.0"
  resolved "https://registry.npmjs.org/mjml-spacer/-/mjml-spacer-4.10.0.tgz"
  integrity sha512-j8E02vg/bft7ESYXTaeQSmnG2pbqzp6CFj/XJGidTIpv0FFDt7buLQE5ISUv6dd/nlva+GL7mItELPnAZRogzg==
  dependencies:
    "@babel/runtime" "^7.8.7"
    lodash "^4.17.15"
    mjml-core "4.10.0"

mjml-table@4.10.0:
  version "4.10.0"
  resolved "https://registry.npmjs.org/mjml-table/-/mjml-table-4.10.0.tgz"
  integrity sha512-foFoJWlQiygnxkHYCgw+nAnyU8j+gNowJDcHBUdgfB3cuY6GaSzSpH3GGABzPGodPnmMt21hJUH0u1h+HQsyjQ==
  dependencies:
    "@babel/runtime" "^7.8.7"
    lodash "^4.17.15"
    mjml-core "4.10.0"

mjml-text@4.10.0:
  version "4.10.0"
  resolved "https://registry.npmjs.org/mjml-text/-/mjml-text-4.10.0.tgz"
  integrity sha512-Hanx5bzNA/aDLWOrVNaKUDxJKlt4dXuSLOcFQVGYA98zIN+KTJJ7VrRmdf0Izat21l5XjemsROfC5H0Br5HFUQ==
  dependencies:
    "@babel/runtime" "^7.8.7"
    lodash "^4.17.15"
    mjml-core "4.10.0"

mjml-validator@4.10.0:
  version "4.10.0"
  resolved "https://registry.npmjs.org/mjml-validator/-/mjml-validator-4.10.0.tgz"
  integrity sha512-HPrNDvYPHvT54f6L0yV7x88ToOFIHbQQR2A64pYEGXlRVNvUesRDNI28T76RKvEuNefXRxaq4x9kkzb3uQ6O5w==
  dependencies:
    "@babel/runtime" "^7.8.7"

mjml-wrapper@4.10.0:
  version "4.10.0"
  resolved "https://registry.npmjs.org/mjml-wrapper/-/mjml-wrapper-4.10.0.tgz"
  integrity sha512-Rb4bWXo4WZAeucm6Of72G2Nb0xj7mlMIx0iKx3FxgvxBwngkTAkcV324EMcSzlHL88AOnHTppd96AqTj6SxG/A==
  dependencies:
    "@babel/runtime" "^7.8.7"
    lodash "^4.17.15"
    mjml-core "4.10.0"
    mjml-section "4.10.0"

mjml@^4.10.0:
  version "4.10.0"
  resolved "https://registry.npmjs.org/mjml/-/mjml-4.10.0.tgz"
  integrity sha512-xkdsOcDpcX2gKWFNUVnyHZQQt9wOxemJHUYguPH1mu0usW1SQ3j7Zf8AHLYF9M6zz7ygsDDb471lVyfqC7CLSQ==
  dependencies:
    "@babel/runtime" "^7.8.7"
    mjml-cli "4.10.0"
    mjml-core "4.10.0"
    mjml-migrate "4.10.0"
    mjml-preset-core "4.10.0"
    mjml-validator "4.10.0"

mkdirp@^1.0.4:
  version "1.0.4"
  resolved "https://registry.npmjs.org/mkdirp/-/mkdirp-1.0.4.tgz"
  integrity sha512-vVqVZQyf3WLx2Shd0qJ9xuvqgAyKPLAiqITEtqW0oIUjzo3PePDd6fW9iFz30ef7Ysp/oiWqbhszeGWW2T6Gzw==

no-case@^2.2.0:
  version "2.3.2"
  resolved "https://registry.npmjs.org/no-case/-/no-case-2.3.2.tgz"
  integrity sha512-rmTZ9kz+f3rCvK2TD1Ue/oZlns7OGoIWP4fc3llxxRXlOkHKoWPPWJOfFYpITabSow43QJbRIoHQXtt10VldyQ==
  dependencies:
    lower-case "^1.1.1"

node-fetch@^2.6.0:
  version "2.6.1"
  resolved "https://registry.npmjs.org/node-fetch/-/node-fetch-2.6.1.tgz"
  integrity sha512-V4aYg89jEoVRxRb2fJdAg8FHvI7cEyYdVAh94HH0UIK8oJxUfkjlDQN9RbMx+bEjP7+ggMiFRprSti032Oipxw==

nopt@^5.0.0:
  version "5.0.0"
  resolved "https://registry.npmjs.org/nopt/-/nopt-5.0.0.tgz"
  integrity sha512-Tbj67rffqceeLpcRXrT7vKAN8CwfPeIBgM7E6iBkmKLV7bEMwpGgYLGv0jACUsECaa/vuxP0IjEont6umdMgtQ==
  dependencies:
    abbrev "1"

normalize-path@^3.0.0, normalize-path@~3.0.0:
  version "3.0.0"
  resolved "https://registry.npmjs.org/normalize-path/-/normalize-path-3.0.0.tgz"
  integrity sha512-6eZs5Ls3WtCisHWp9S2GUy8dqkpGi4BVSz3GaqiE6ezub0512ESztXUwUB6C6IKbQkY2Pnb/mD4WYojCRwcwLA==

nth-check@^2.0.0:
  version "2.0.0"
  resolved "https://registry.npmjs.org/nth-check/-/nth-check-2.0.0.tgz"
  integrity sha512-i4sc/Kj8htBrAiH1viZ0TgU8Y5XqCaV/FziYK6TBczxmeKm3AEFWqqF3195yKudrarqy7Zu80Ra5dobFjn9X/Q==
  dependencies:
    boolbase "^1.0.0"

once@^1.3.0:
  version "1.4.0"
  resolved "https://registry.npmjs.org/once/-/once-1.4.0.tgz"
  integrity sha1-WDsap3WWHUsROsF9nFC6753Xa9E= sha512-lNaJgI+2Q5URQBkccEKHTQOPaXdUxnZZElQTZY0MFUAuaEqe1E+Nyvgdz/aIyNi6Z9MzO5dv1H8n58/GELp3+w==
  dependencies:
    wrappy "1"

param-case@^2.1.1:
  version "2.1.1"
  resolved "https://registry.npmjs.org/param-case/-/param-case-2.1.1.tgz"
  integrity sha1-35T9jPZTHs915r75oIWPvHK+Ikc= sha512-eQE845L6ot89sk2N8liD8HAuH4ca6Vvr7VWAWwt7+kvvG5aBcPmmphQ68JsEG2qa9n1TykS2DLeMt363AAH8/w==
  dependencies:
    no-case "^2.2.0"

parse5-htmlparser2-tree-adapter@^6.0.1:
  version "6.0.1"
  resolved "https://registry.npmjs.org/parse5-htmlparser2-tree-adapter/-/parse5-htmlparser2-tree-adapter-6.0.1.tgz"
  integrity sha512-qPuWvbLgvDGilKc5BoicRovlT4MtYT6JfJyBOMDsKoiT+GiuP5qyrPCnR9HcPECIJJmZh5jRndyNThnhhb/vlA==
  dependencies:
    parse5 "^6.0.1"

parse5@^6.0.1:
  version "6.0.1"
  resolved "https://registry.npmjs.org/parse5/-/parse5-6.0.1.tgz"
  integrity sha512-Ofn/CTFzRGTTxwpNEs9PP93gXShHcTq255nzRYSKe8AkVpZY7e1fpmTfOyoIvjP5HG7Z2ZM7VS9PPhQGW2pOpw==

path-is-absolute@^1.0.0:
  version "1.0.1"
  resolved "https://registry.npmjs.org/path-is-absolute/-/path-is-absolute-1.0.1.tgz"
  integrity sha1-F0uSaHNVNP+8es5r9TpanhtcX18= sha512-AVbw3UJ2e9bq64vSaS9Am0fje1Pa8pbGqTTsmXfaIiMpnr5DlDhfJOuLj9Sf95ZPVDAUerDfEk88MPmPe7UCQg==

picomatch@^2.0.4, picomatch@^2.2.1:
  version "2.3.0"
  resolved "https://registry.npmjs.org/picomatch/-/picomatch-2.3.0.tgz"
  integrity sha512-lY1Q/PiJGC2zOv/z391WOTD+Z02bCgsFfvxoXXf6h7kv9o+WmsmzYqrAwY63sNgOxE4xEdq0WyUnXfKeBrSvYw==

proto-list@~1.2.1:
  version "1.2.4"
  resolved "https://registry.npmjs.org/proto-list/-/proto-list-1.2.4.tgz"
  integrity sha1-IS1b/hMYMGpCD2QCuOJv85ZHqEk= sha512-vtK/94akxsTMhe0/cbfpR+syPuszcuwhqVjJq26CuNDgFGj682oRBXOP5MJpv2r7JtE8MsiepGIqvvOTBwn2vA==

pseudomap@^1.0.2:
  version "1.0.2"
  resolved "https://registry.npmjs.org/pseudomap/-/pseudomap-1.0.2.tgz"
  integrity sha1-8FKijacOYYkX7wqKw0wa5aaChrM= sha512-b/YwNhb8lk1Zz2+bXXpS/LK9OisiZZ1SNsSLxN1x2OXVEhW2Ckr/7mWE5vrC1ZTiJlD9g19jWszTmJsB+oEpFQ==

readdirp@~3.5.0:
  version "3.5.0"
  resolved "https://registry.npmjs.org/readdirp/-/readdirp-3.5.0.tgz"
  integrity sha512-cMhu7c/8rdhkHXWsY+osBhfSy0JikwpHK/5+imo+LpeasTF8ouErHrlYkwT0++njiyuDvc7OFY5T3ukvZ8qmFQ==
  dependencies:
    picomatch "^2.2.1"

regenerator-runtime@^0.13.4:
  version "0.13.7"
  resolved "https://registry.npmjs.org/regenerator-runtime/-/regenerator-runtime-0.13.7.tgz"
  integrity sha512-a54FxoJDIr27pgf7IgeQGxmqUNYrcV338lf/6gH456HZ/PhX+5BcwHXG9ajESmwe6WRO0tAzRUrRmNONWgkrew==

relateurl@^0.2.7:
  version "0.2.7"
  resolved "https://registry.npmjs.org/relateurl/-/relateurl-0.2.7.tgz"
  integrity sha1-VNvzd+UUQKypCkzSdGANP/LYiKk= sha512-G08Dxvm4iDN3MLM0EsP62EDV9IuhXPR6blNz6Utcp7zyV3tr4HVNINt6MpaRWbxoOHT3Q7YN2P+jaHX8vUbgog==

require-directory@^2.1.1:
  version "2.1.1"
  resolved "https://registry.npmjs.org/require-directory/-/require-directory-2.1.1.tgz"
  integrity sha1-jGStX9MNqxyXbiNE/+f3kqam30I= sha512-fGxEI7+wsG9xrvdjsrlmL22OMTTiHRwAMroiEeMgq8gzoLC/PQr7RsRDSTLUg/bZAZtF+TVIkHc6/4RIKrui+Q==

semver@^5.6.0:
  version "5.7.1"
  resolved "https://registry.npmjs.org/semver/-/semver-5.7.1.tgz"
  integrity sha512-sauaDf/PZdVgrLTNYHRtpXa1iRiKcaebiKQ1BJdpQlWH2lCvexQdX55snPFyK7QzpudqbCI0qXFfOasHdyNDGQ==

sigmund@^1.0.1:
  version "1.0.1"
  resolved "https://registry.npmjs.org/sigmund/-/sigmund-1.0.1.tgz"
  integrity sha1-P/IfGYytIXX587eBhT/ZTQ0ZtZA= sha512-fCvEXfh6NWpm+YSuY2bpXb/VIihqWA6hLsgboC+0nl71Q7N7o2eaCW8mJa/NLvQhs6jpd3VZV4UiUQlV6+lc8g==

slick@^1.12.2:
  version "1.12.2"
  resolved "https://registry.npmjs.org/slick/-/slick-1.12.2.tgz"
  integrity sha1-vQSN23TefRymkV+qSldXCzVQwtc= sha512-4qdtOGcBjral6YIBCWJ0ljFSKNLz9KkhbWtuGvUyRowl1kxfuE1x/Z/aJcaiilpb3do9bl5K7/1h9XC5wWpY/A==

smartmenus@^1.1.1:
  version "1.1.1"
  resolved "https://registry.npmjs.org/smartmenus/-/smartmenus-1.1.1.tgz"
  integrity sha512-O1HDCMFAsUnTeNZ4ZxENubSiaXq5CsV9LhECNl6unrHj/kIfIY+7TtPqpcQ63T+UEqwoNL0BzL/dUTvg+Rfkkw==
  dependencies:
    jquery ">=1.7.0"

source-map@~0.6.0:
  version "0.6.1"
  resolved "https://registry.npmjs.org/source-map/-/source-map-0.6.1.tgz"
  integrity sha512-UjgapumWlbMhkBgzT7Ykc5YXUT46F0iKu8SGXq0bcwP5dz/h0Plj6enJqjz1Zbq2l5WaqYnrVbwWOWMyF3F47g==

spark-md5@^3.0.0:
  version "3.0.1"
  resolved "https://registry.npmjs.org/spark-md5/-/spark-md5-3.0.1.tgz"
  integrity sha512-0tF3AGSD1ppQeuffsLDIOWlKUd3lS92tFxcsrh5Pe3ZphhnoK+oXIBTzOAThZCiuINZLvpiLH/1VS1/ANEJVig==

string-width@^4.1.0, string-width@^4.2.0:
  version "4.2.2"
  resolved "https://registry.npmjs.org/string-width/-/string-width-4.2.2.tgz"
  integrity sha512-XBJbT3N4JhVumXE0eoLU9DCjcaF92KLNqTmFCnG1pf8duUxFGwtP6AD6nkjw9a3IdiRtL3E2w3JDiE/xi3vOeA==
  dependencies:
    emoji-regex "^8.0.0"
    is-fullwidth-code-point "^3.0.0"
    strip-ansi "^6.0.0"

strip-ansi@^6.0.0:
  version "6.0.0"
  resolved "https://registry.npmjs.org/strip-ansi/-/strip-ansi-6.0.0.tgz"
  integrity sha512-AuvKTrTfQNYNIctbR1K/YGTR1756GycPsg7b9bdV9Duqur4gv6aKqHXah67Z8ImS7WEz5QVcOtlfW2rZEugt6w==
  dependencies:
    ansi-regex "^5.0.0"

to-regex-range@^5.0.1:
  version "5.0.1"
  resolved "https://registry.npmjs.org/to-regex-range/-/to-regex-range-5.0.1.tgz"
  integrity sha512-65P7iz6X5yEr1cwcgvQxbbIw7Uk3gOy5dIdtZ4rDveLqhrdJP+Li/Hx6tyK0NEb+2GCyneCMJiGqrADCSNk8sQ==
  dependencies:
    is-number "^7.0.0"

tslib@^2.2.0:
  version "2.2.0"
  resolved "https://registry.npmjs.org/tslib/-/tslib-2.2.0.tgz"
  integrity sha512-gS9GVHRU+RGn5KQM2rllAlR3dU6m7AcpJKdtH8gFvQiC4Otgk98XnmMU+nZenHt/+VhnBPWwgrJsyrdcw6i23w==

uglify-js@^3.5.1:
  version "3.13.8"
  resolved "https://registry.npmjs.org/uglify-js/-/uglify-js-3.13.8.tgz"
  integrity sha512-PvFLMFIQHfIjFFlvAch69U2IvIxK9TNzNWt1SxZGp9JZ/v70yvqIQuiJeVPPtUMOzoNt+aNRDk4wgxb34wvEqA==

upper-case@^1.1.1:
  version "1.1.3"
  resolved "https://registry.npmjs.org/upper-case/-/upper-case-1.1.3.tgz"
  integrity sha1-9rRQHC7EzdJrp4vnIilh3ndiFZg= sha512-WRbjgmYzgXkCV7zNVpy5YgrHgbBv126rMALQQMrmzOVC4GM2waQ9x7xtm8VU+1yF2kWyPzI9zbZ48n4vSxwfSA==

valid-data-url@^3.0.0:
  version "3.0.1"
  resolved "https://registry.npmjs.org/valid-data-url/-/valid-data-url-3.0.1.tgz"
  integrity sha512-jOWVmzVceKlVVdwjNSenT4PbGghU0SBIizAev8ofZVgivk/TVHXSbNL8LP6M3spZvkR9/QolkyJavGSX5Cs0UA==

web-resource-inliner@^5.0.0:
  version "5.0.0"
  resolved "https://registry.npmjs.org/web-resource-inliner/-/web-resource-inliner-5.0.0.tgz"
  integrity sha512-AIihwH+ZmdHfkJm7BjSXiEClVt4zUFqX4YlFAzjL13wLtDuUneSaFvDBTbdYRecs35SiU7iNKbMnN+++wVfb6A==
  dependencies:
    ansi-colors "^4.1.1"
    escape-goat "^3.0.0"
    htmlparser2 "^4.0.0"
    mime "^2.4.6"
    node-fetch "^2.6.0"
    valid-data-url "^3.0.0"

wrap-ansi@^7.0.0:
  version "7.0.0"
  resolved "https://registry.npmjs.org/wrap-ansi/-/wrap-ansi-7.0.0.tgz"
  integrity sha512-YVGIj2kamLSTxw6NsZjoBxfSwsn0ycdesmc4p+Q21c5zPuZ1pl+NfxVdxPtdHvmNVOQ6XSYG4AUtyt/Fi7D16Q==
  dependencies:
    ansi-styles "^4.0.0"
    string-width "^4.1.0"
    strip-ansi "^6.0.0"

wrappy@1:
  version "1.0.2"
  resolved "https://registry.npmjs.org/wrappy/-/wrappy-1.0.2.tgz"
  integrity sha1-tSQ9jz7BqjXxNkYFvA0QNuMKtp8= sha512-l4Sp/DRseor9wL6EvV2+TuQn63dMkPjZ/sp9XkghTEbV9KlPS1xUsZ3u7/IQO4wxtcFB4bgpQPRcR3QCvezPcQ==

y18n@^5.0.5:
  version "5.0.8"
  resolved "https://registry.npmjs.org/y18n/-/y18n-5.0.8.tgz"
  integrity sha512-0pfFzegeDWJHJIAmTLRP2DwHjdF5s7jo9tuztdQxAhINCdvS+3nGINqPd00AphqJR/0LhANUS6/+7SCb98YOfA==

yallist@^2.1.2:
  version "2.1.2"
  resolved "https://registry.npmjs.org/yallist/-/yallist-2.1.2.tgz"
  integrity sha1-HBH5IY8HYImkfdUS+TxmmaaoHVI= sha512-ncTzHV7NvsQZkYe1DW7cbDLm0YpzHmZF5r/iyP3ZnQtMiJ+pjzisCiMNI+Sj+xQF5pXhSHxSB3uDbsBTzY/c2A==

yargs-parser@^20.2.2:
  version "20.2.7"
  resolved "https://registry.npmjs.org/yargs-parser/-/yargs-parser-20.2.7.tgz"
  integrity sha512-FiNkvbeHzB/syOjIUxFDCnhSfzAL8R5vs40MgLFBorXACCOAEaWu0gRZl14vG8MR9AOJIZbmkjhusqBYZ3HTHw==

yargs@^16.1.0:
  version "16.2.0"
  resolved "https://registry.npmjs.org/yargs/-/yargs-16.2.0.tgz"
  integrity sha512-D1mvvtDG0L5ft/jGWkLpG1+m0eQxOfaBvTNELraWj22wSVUMWxZUvYgJYcKh6jGGIkJFhH4IZPQhR4TKpc8mBw==
  dependencies:
    cliui "^7.0.2"
    escalade "^3.1.1"
    get-caller-file "^2.0.5"
    require-directory "^2.1.1"
    string-width "^4.2.0"
    y18n "^5.0.5"
    yargs-parser "^20.2.2"

yarn@^1.22.10:
  version "1.22.10"
  resolved "https://registry.npmjs.org/yarn/-/yarn-1.22.10.tgz"
  integrity sha512-IanQGI9RRPAN87VGTF7zs2uxkSyQSrSPsju0COgbsKQOOXr5LtcVPeyXWgwVa0ywG3d8dg6kSYKGBuYK021qeA==
