# THIS IS AN AUTOGENERATED FILE. DO NOT EDIT THIS FILE DIRECTLY.
# yarn lockfile v1


"@babel/runtime@^7.28.4":
  version "7.28.4"
  resolved "https://registry.yarnpkg.com/@babel/runtime/-/runtime-7.28.4.tgz#a70226016fabe25c5783b2f22d3e1c9bc5ca3326"
  integrity sha512-Q/N6JNWvIvPnLDvjlE1OUBLPQHH6l3CltCEsHIujp45zQUSSh8K+gHnaEX45yAT1nyngnINhvWtzN+Nb9D8RAQ==

"@file-type/xml@^0.4.3":
  version "0.4.3"
  resolved "https://registry.yarnpkg.com/@file-type/xml/-/xml-0.4.3.tgz#96b8824bb5f839c75a1a189d0b2fb1346cd526a7"
  integrity sha512-pGRmkHf+NofNy/52r06HOTsEwdNnBsFEhN6U95s33P+ezuoxZEyBTV9lOB1/Zr0So6/9vDVfWZXLpgd0fy8cOQ==
  dependencies:
    sax "^1.4.1"
    strtok3 "^10.2.2"

"@isaacs/cliui@^8.0.2":
  version "8.0.2"
  resolved "https://registry.npmjs.org/@isaacs/cliui/-/cliui-8.0.2.tgz"
  integrity sha512-O8jcjabXaleOG9DQ0+ARXWZBTfnP4WNAqzuiJK7ll44AmxGKv/J2M4TPjxjY3znBCfvBXFzucm1twdyFybFqEA==
  dependencies:
    string-width "^5.1.2"
    string-width-cjs "npm:string-width@^4.2.0"
    strip-ansi "^7.0.1"
    strip-ansi-cjs "npm:strip-ansi@^6.0.1"
    wrap-ansi "^8.1.0"
    wrap-ansi-cjs "npm:wrap-ansi@^7.0.0"

"@one-ini/wasm@0.1.1":
  version "0.1.1"
  resolved "https://registry.npmjs.org/@one-ini/wasm/-/wasm-0.1.1.tgz"
  integrity sha512-XuySG1E38YScSJoMlqovLru4KTUNSjgVTIjyh7qMX6aNN5HY5Ct5LhRJdxO79JtTzKfzV/bnWpz+zquYrISsvw==

"@pkgjs/parseargs@^0.11.0":
  version "0.11.0"
  resolved "https://registry.npmjs.org/@pkgjs/parseargs/-/parseargs-0.11.0.tgz"
  integrity sha512-+1VkjdD0QBLPodGrJUeqarH8VAIvQODIbwh9XpP5Syisf7YoQgsJKPNFoqqLQlu+VQ/tVSshMR6loPMn8U+dPg==

"@rails/activestorage@^6.1.710":
  version "6.1.710"
  resolved "https://registry.npmjs.org/@rails/activestorage/-/activestorage-6.1.710.tgz"
  integrity sha512-hLXxAtn7hSWXkTzMGOmQmjuzJ0FzVw8j/Zi8DGS+DG9x4uPQjl+ZEVdty7pFcsBCjkpejtk0TChcBQlLW8sgOg==
  dependencies:
    spark-md5 "^3.0.0"

"@rails/ujs@^6.1.710":
  version "6.1.710"
  resolved "https://registry.npmjs.org/@rails/ujs/-/ujs-6.1.710.tgz"
  integrity sha512-NUS8nUkYHGSn/EDg3oJCkpMweSKeFxA4ef6pcnW2fJEZ7RcoWdJa1rr9vamUoqzNR+Ctd8ezsgBMAjxUahVB1w==

"@tokenizer/token@^0.3.0":
  version "0.3.0"
  resolved "https://registry.yarnpkg.com/@tokenizer/token/-/token-0.3.0.tgz#fe98a93fe789247e998c75e74e9c7c63217aa276"
  integrity sha512-OvjF+z51L3ov0OyAU0duzsYuvO01PH7x4t6DJx+guahgTnBHkhJdG7soQeTSFLWN3efnHyibZ4Z8l2EuWwJN3A==

abbrev@^2.0.0:
  version "2.0.0"
  resolved "https://registry.npmjs.org/abbrev/-/abbrev-2.0.0.tgz"
  integrity sha512-6/mh1E2u2YgEsCHdY0Yx5oW+61gZU+1vXaoiHHrpKeuRNNgFvS+/jrwHiQhB5apAf5oB7UB7E19ol2R2LKH8hQ==

acorn@^8.15.0:
  version "8.15.0"
  resolved "https://registry.yarnpkg.com/acorn/-/acorn-8.15.0.tgz#a360898bc415edaac46c8241f6383975b930b816"
  integrity sha512-NZyJarBfL7nWwIq+FDL6Zp/yHEhePMNnnJ0y3qfieCrmNvYct8uvtiV41UvlSe6apAfk0fY1FbWx+NwfmpvtTg==

ansi-colors@^4.1.1:
  version "4.1.3"
  resolved "https://registry.npmjs.org/ansi-colors/-/ansi-colors-4.1.3.tgz"
  integrity sha512-/6w/C21Pm1A7aZitlI5Ni/2J6FFQN8i1Cvz3kHABAAbw93v/NlvKdVOqz7CCWz/3iv/JplRSEEZ83XION15ovw==

ansi-regex@^5.0.1:
  version "5.0.1"
  resolved "https://registry.npmjs.org/ansi-regex/-/ansi-regex-5.0.1.tgz"
  integrity sha512-quJQXlTSUGL2LH9SUXo8VwsY4soanhgo6LNSm84E1LBcE8s3O0wpdiRzyR9z/ZZJMlMWv37qOOb9pdJlMUEKFQ==

ansi-regex@^6.0.1:
  version "6.1.0"
  resolved "https://registry.npmjs.org/ansi-regex/-/ansi-regex-6.1.0.tgz"
  integrity sha512-7HSX4QQb4CspciLpVFwyRe79O3xsIZDDLER21kERQ71oaPodF8jL725AgJMFAYbooIqolJoRLuM81SpeUkpkvA==

ansi-styles@^4.0.0:
  version "4.3.0"
  resolved "https://registry.npmjs.org/ansi-styles/-/ansi-styles-4.3.0.tgz"
  integrity sha512-zbB9rCJAT1rbjiVDb2hqKFHNYLxgtk8NURxZ3IZwD3F6NtxbXZQCnnSi1Lkx+IDohdPlFp222wVALIheZJQSEg==
  dependencies:
    color-convert "^2.0.1"

ansi-styles@^6.1.0:
  version "6.2.1"
  resolved "https://registry.npmjs.org/ansi-styles/-/ansi-styles-6.2.1.tgz"
  integrity sha512-bN798gFfQX+viw3R7yrGWRqnrN2oRkEkUjjl4JNn4E8GxxbjtG3FbrEIIY3l8/hrwUwIeCZvi4QuOTP4MErVug==

anymatch@~3.1.2:
  version "3.1.3"
  resolved "https://registry.npmjs.org/anymatch/-/anymatch-3.1.3.tgz"
  integrity sha512-KMReFUr0B4t+D+OBkjR3KYqvocp2XaSzO55UcB6mgQMd3KbcE+mWTyvVV7D/zsdEbNnV6acZUutkiHQXvTr1Rw==
  dependencies:
    normalize-path "^3.0.0"
    picomatch "^2.0.4"

balanced-match@^1.0.0:
  version "1.0.2"
  resolved "https://registry.npmjs.org/balanced-match/-/balanced-match-1.0.2.tgz"
  integrity sha512-3oSeUO0TMV67hN1AmbXsK4yaqU7tjiHlbxRDZOpH0KW9+CeX4bRAaX0Anxt0tx2MrpRpWwQaPwIlISEJhYU5Pw==

binary-extensions@^2.0.0:
  version "2.3.0"
  resolved "https://registry.npmjs.org/binary-extensions/-/binary-extensions-2.3.0.tgz"
  integrity sha512-Ceh+7ox5qe7LJuLHoY0feh3pHuUDHAcRUeyL2VYghZwfpkNIy/+8Ocg0a3UuSoYzavmylwuLWQOf3hl0jjMMIw==

boolbase@^1.0.0:
  version "1.0.0"
  resolved "https://registry.npmjs.org/boolbase/-/boolbase-1.0.0.tgz"
  integrity sha512-JZOSA7Mo9sNGB8+UjSgzdLtokWAky1zbztM3WRLCbZ70/3cTANmQmOdR7y2g+J0e2WXywy1yS468tY+IruqEww==

brace-expansion@^2.0.1:
  version "2.0.2"
  resolved "https://registry.yarnpkg.com/brace-expansion/-/brace-expansion-2.0.2.tgz#54fc53237a613d854c7bd37463aad17df87214e7"
  integrity sha512-Jt0vHyM+jmUBqojB7E1NIYadt0vI0Qxjxd2TErW94wDz+E2LAm5vKMXXwg6ZZBTHPuUlDgQHKXvjGBdfcF1ZDQ==
  dependencies:
    balanced-match "^1.0.0"

braces@~3.0.2:
  version "3.0.3"
  resolved "https://registry.npmjs.org/braces/-/braces-3.0.3.tgz"
  integrity sha512-yQbXgO/OSZVD2IsiLlro+7Hf6Q18EJrKSEsdoMzKePKXct3gvD8oLcOQdIzGupr5Fj+EDe8gO/lxc1BzfMpxvA==
  dependencies:
    fill-range "^7.1.1"

camel-case@^3.0.0:
  version "3.0.0"
  resolved "https://registry.npmjs.org/camel-case/-/camel-case-3.0.0.tgz"
  integrity sha512-+MbKztAYHXPr1jNTSKQF52VpcFjwY5RkR7fxksV8Doo4KAYc5Fl4UJRgthBbTmEx8C54DqahhbLJkDwjI3PI/w==
  dependencies:
    no-case "^2.2.0"
    upper-case "^1.1.1"

cheerio-select@^2.1.0:
  version "2.1.0"
  resolved "https://registry.npmjs.org/cheerio-select/-/cheerio-select-2.1.0.tgz"
  integrity sha512-9v9kG0LvzrlcungtnJtpGNxY+fzECQKhK4EGJX2vByejiMX84MFNQw4UxPJl3bFbTMw+Dfs37XaIkCwTZfLh4g==
  dependencies:
    boolbase "^1.0.0"
    css-select "^5.1.0"
    css-what "^6.1.0"
    domelementtype "^2.3.0"
    domhandler "^5.0.3"
    domutils "^3.0.1"

cheerio@1.0.0-rc.12:
  version "1.0.0-rc.12"
  resolved "https://registry.npmjs.org/cheerio/-/cheerio-1.0.0-rc.12.tgz"
  integrity sha512-VqR8m68vM46BNnuZ5NtnGBKIE/DfN0cRIzg9n40EIq9NOv90ayxLBXA8fXC5gquFRGJSTRqBq25Jt2ECLR431Q==
  dependencies:
    cheerio-select "^2.1.0"
    dom-serializer "^2.0.0"
    domhandler "^5.0.3"
    domutils "^3.0.1"
    htmlparser2 "^8.0.1"
    parse5 "^7.0.0"
    parse5-htmlparser2-tree-adapter "^7.0.0"

chokidar@^3.0.0:
  version "3.6.0"
  resolved "https://registry.npmjs.org/chokidar/-/chokidar-3.6.0.tgz"
  integrity sha512-7VT13fmjotKpGipCW9JEQAusEPE+Ei8nl6/g4FBAmIm0GOOLMua9NDDo/DWp0ZAxCr3cPq5ZpBqmPAQgDda2Pw==
  dependencies:
    anymatch "~3.1.2"
    braces "~3.0.2"
    glob-parent "~5.1.2"
    is-binary-path "~2.1.0"
    is-glob "~4.0.1"
    normalize-path "~3.0.0"
    readdirp "~3.6.0"
  optionalDependencies:
    fsevents "~2.3.2"

clean-css@^4.2.1:
  version "4.2.4"
  resolved "https://registry.npmjs.org/clean-css/-/clean-css-4.2.4.tgz"
  integrity sha512-EJUDT7nDVFDvaQgAo2G/PJvxmp1o/c6iXLbswsBbUFXi1Nr+AjA2cKmfbKDMjMvzEe75g3P6JkaDDAKk96A85A==
  dependencies:
    source-map "~0.6.0"

cliui@^8.0.1:
  version "8.0.1"
  resolved "https://registry.npmjs.org/cliui/-/cliui-8.0.1.tgz"
  integrity sha512-BSeNnyus75C4//NQ9gQt1/csTXyo/8Sb+afLAkzAptFuMsod9HFokGNudZpi/oQV73hnVK+sR+5PVRMd+Dr7YQ==
  dependencies:
    string-width "^4.2.0"
    strip-ansi "^6.0.1"
    wrap-ansi "^7.0.0"

color-convert@^2.0.1:
  version "2.0.1"
  resolved "https://registry.npmjs.org/color-convert/-/color-convert-2.0.1.tgz"
  integrity sha512-RRECPsj7iu/xb5oKYcsFHSppFNnsj/52OVTRKb4zP5onXwVF3zVmmToNcOfGC+CRDpfK/U584fMg38ZHCaElKQ==
  dependencies:
    color-name "~1.1.4"

color-name@~1.1.4:
  version "1.1.4"
  resolved "https://registry.npmjs.org/color-name/-/color-name-1.1.4.tgz"
  integrity sha512-dOy+3AuW3a2wNbZHIuMZpTcgjGuLU/uBL/ubcZF9OXbDo8ff4O8yVp5Bf0efS8uEoYo5q4Fx7dY9OgQGXgAsQA==

commander@^10.0.0:
  version "10.0.1"
  resolved "https://registry.npmjs.org/commander/-/commander-10.0.1.tgz"
  integrity sha512-y4Mg2tXshplEbSGzx7amzPwKKOCGuoSRP/CjEdwwk0FOGlUbq6lKuoyDZTNZkmxHdJtp54hdfY/JUrdL7Xfdug==

commander@^2.19.0:
  version "2.20.3"
  resolved "https://registry.npmjs.org/commander/-/commander-2.20.3.tgz"
  integrity sha512-GpVkmM8vF2vQUkj2LvZmD35JxeJOLCwJ9cUkugyk2nuhbv3+mJvpLYYt+0+USMxE+oj+ey/lJEnhZw75x/OMcQ==

commander@^6.1.0:
  version "6.2.1"
  resolved "https://registry.npmjs.org/commander/-/commander-6.2.1.tgz"
  integrity sha512-U7VdrJFnJgo4xjrHpTzu0yrHPGImdsmD95ZlgYSEajAn2JKzDhDTPG9kBTefmObL2w/ngeZnilk+OV9CG3d7UA==

config-chain@^1.1.13:
  version "1.1.13"
  resolved "https://registry.npmjs.org/config-chain/-/config-chain-1.1.13.tgz"
  integrity sha512-qj+f8APARXHrM0hraqXYb2/bOVSV4PvJQlNZ/DVj0QrmNM2q2euizkeuVckQ57J+W0mRH6Hvi+k50M4Jul2VRQ==
  dependencies:
    ini "^1.3.4"
    proto-list "~1.2.1"

core-js@^3.48.0:
  version "3.48.0"
  resolved "https://registry.yarnpkg.com/core-js/-/core-js-3.48.0.tgz#1f813220a47bbf0e667e3885c36cd6f0593bf14d"
  integrity sha512-zpEHTy1fjTMZCKLHUZoVeylt9XrzaIN2rbPXEt0k+q7JE5CkCZdo6bNq55bn24a69CH7ErAVLKijxJja4fw+UQ==

cross-spawn@^7.0.0:
  version "7.0.6"
  resolved "https://registry.npmjs.org/cross-spawn/-/cross-spawn-7.0.6.tgz"
  integrity sha512-uV2QOWP2nWzsy2aMp8aRibhi9dlzF5Hgh5SHaB9OiTGEyDTiJJyx0uy51QXdyWbtAHNua4XJzUKca3OzKUd3vA==
  dependencies:
    path-key "^3.1.0"
    shebang-command "^2.0.0"
    which "^2.0.1"

css-select@^5.1.0:
  version "5.1.0"
  resolved "https://registry.npmjs.org/css-select/-/css-select-5.1.0.tgz"
  integrity sha512-nwoRF1rvRRnnCqqY7updORDsuqKzqYJ28+oSMaJMMgOauh3fvwHqMS7EZpIPqK8GL+g9mKxF1vP/ZjSeNjEVHg==
  dependencies:
    boolbase "^1.0.0"
    css-what "^6.1.0"
    domhandler "^5.0.2"
    domutils "^3.0.1"
    nth-check "^2.0.1"

css-what@^6.1.0:
  version "6.1.0"
  resolved "https://registry.npmjs.org/css-what/-/css-what-6.1.0.tgz"
  integrity sha512-HTUrgRJ7r4dsZKU6GjmpfRK1O76h97Z8MfS1G0FozR+oF2kG6Vfe8JE6zwrkbxigziPHinCJ+gCPjA9EaBDtRw==

detect-node@2.1.0, detect-node@^2.0.4:
  version "2.1.0"
  resolved "https://registry.npmjs.org/detect-node/-/detect-node-2.1.0.tgz"
  integrity sha512-T0NIuQpnTvFDATNuHN5roPwSBG83rFsuO+MXXH9/3N1eFbn4wcPjttvjMLEPWJ0RGUYgQE7cGgS3tNxbqCGM7g==

dom-serializer@^1.0.1:
  version "1.4.1"
  resolved "https://registry.npmjs.org/dom-serializer/-/dom-serializer-1.4.1.tgz"
  integrity sha512-VHwB3KfrcOOkelEG2ZOfxqLZdfkil8PtJi4P8N2MMXucZq2yLp75ClViUlOVwyoHEDjYU433Aq+5zWP61+RGag==
  dependencies:
    domelementtype "^2.0.1"
    domhandler "^4.2.0"
    entities "^2.0.0"

dom-serializer@^2.0.0:
  version "2.0.0"
  resolved "https://registry.npmjs.org/dom-serializer/-/dom-serializer-2.0.0.tgz"
  integrity sha512-wIkAryiqt/nV5EQKqQpo3SToSOV9J0DnbJqwK7Wv/Trc92zIAYZ4FlMu+JPFW1DfGFt81ZTCGgDEabffXeLyJg==
  dependencies:
    domelementtype "^2.3.0"
    domhandler "^5.0.2"
    entities "^4.2.0"

domelementtype@^2.0.1, domelementtype@^2.2.0, domelementtype@^2.3.0:
  version "2.3.0"
  resolved "https://registry.npmjs.org/domelementtype/-/domelementtype-2.3.0.tgz"
  integrity sha512-OLETBj6w0OsagBwdXnPdN0cnMfF9opN69co+7ZrbfPGrdpPVNBUj02spi6B1N7wChLQiPn4CSH/zJvXw56gmHw==

domhandler@^3.3.0:
  version "3.3.0"
  resolved "https://registry.npmjs.org/domhandler/-/domhandler-3.3.0.tgz"
  integrity sha512-J1C5rIANUbuYK+FuFL98650rihynUOEzRLxW+90bKZRWB6A1X1Tf82GxR1qAWLyfNPRvjqfip3Q5tdYlmAa9lA==
  dependencies:
    domelementtype "^2.0.1"

domhandler@^4.2.0:
  version "4.3.1"
  resolved "https://registry.npmjs.org/domhandler/-/domhandler-4.3.1.tgz"
  integrity sha512-GrwoxYN+uWlzO8uhUXRl0P+kHE4GtVPfYzVLcUxPL7KNdHKj66vvlhiweIHqYYXWlw+T8iLMp42Lm67ghw4WMQ==
  dependencies:
    domelementtype "^2.2.0"

domhandler@^5.0.2, domhandler@^5.0.3:
  version "5.0.3"
  resolved "https://registry.npmjs.org/domhandler/-/domhandler-5.0.3.tgz"
  integrity sha512-cgwlv/1iFQiFnU96XXgROh8xTeetsnJiDsTc7TYCLFd9+/WNkIqPTxiM/8pSd8VIrhXGTf1Ny1q1hquVqDJB5w==
  dependencies:
    domelementtype "^2.3.0"

domutils@^2.4.2:
  version "2.8.0"
  resolved "https://registry.npmjs.org/domutils/-/domutils-2.8.0.tgz"
  integrity sha512-w96Cjofp72M5IIhpjgobBimYEfoPjx1Vx0BSX9P30WBdZW2WIKU0T1Bd0kz2eNZ9ikjKgHbEyKx8BB6H1L3h3A==
  dependencies:
    dom-serializer "^1.0.1"
    domelementtype "^2.2.0"
    domhandler "^4.2.0"

domutils@^3.0.1, domutils@^3.1.0:
  version "3.1.0"
  resolved "https://registry.npmjs.org/domutils/-/domutils-3.1.0.tgz"
  integrity sha512-H78uMmQtI2AhgDJjWeQmHwJJ2bLPD3GMmO7Zja/ZZh84wkm+4ut+IUnUdRa8uCGX88DiVx1j6FRe1XfxEgjEZA==
  dependencies:
    dom-serializer "^2.0.0"
    domelementtype "^2.3.0"
    domhandler "^5.0.3"

eastasianwidth@^0.2.0:
  version "0.2.0"
  resolved "https://registry.npmjs.org/eastasianwidth/-/eastasianwidth-0.2.0.tgz"
  integrity sha512-I88TYZWc9XiYHRQ4/3c5rjjfgkjhLyW2luGIheGERbNQ6OY7yTybanSpDXZa8y7VUP9YmDcYa+eyq4ca7iLqWA==

editorconfig@^1.0.4:
  version "1.0.4"
  resolved "https://registry.npmjs.org/editorconfig/-/editorconfig-1.0.4.tgz"
  integrity sha512-L9Qe08KWTlqYMVvMcTIvMAdl1cDUubzRNYL+WfA4bLDMHe4nemKkpmYzkznE1FwLKu0EEmy6obgQKzMJrg4x9Q==
  dependencies:
    "@one-ini/wasm" "0.1.1"
    commander "^10.0.0"
    minimatch "9.0.1"
    semver "^7.5.3"

emoji-regex@^8.0.0:
  version "8.0.0"
  resolved "https://registry.npmjs.org/emoji-regex/-/emoji-regex-8.0.0.tgz"
  integrity sha512-MSjYzcWNOA0ewAHpz0MxpYFvwg6yjy1NG3xteoqz644VCo/RPgnr1/GGt+ic3iJTzQ8Eu3TdM14SawnVUmGE6A==

emoji-regex@^9.2.2:
  version "9.2.2"
  resolved "https://registry.npmjs.org/emoji-regex/-/emoji-regex-9.2.2.tgz"
  integrity sha512-L18DaJsXSUk2+42pv8mLs5jJT2hqFkFE4j21wOmgbUqsZ2hL72NsUU785g9RXgo3s0ZNgVl42TiHp3ZtOv/Vyg==

entities@^2.0.0:
  version "2.2.0"
  resolved "https://registry.npmjs.org/entities/-/entities-2.2.0.tgz"
  integrity sha512-p92if5Nz619I0w+akJrLZH0MX0Pb5DX39XOwQTtXSdQQOaYH03S1uIQp4mhOZtAXrxq4ViO67YTiLBo2638o9A==

entities@^4.2.0, entities@^4.4.0, entities@^4.5.0:
  version "4.5.0"
  resolved "https://registry.npmjs.org/entities/-/entities-4.5.0.tgz"
  integrity sha512-V0hjH4dGPh9Ao5p0MoRY6BVqtwCjhz6vI5LT8AJ55H+4g9/4vbHx1I54fS0XuclLhDHArPQCiMjDxjaL8fPxhw==

escalade@^3.1.1:
  version "3.2.0"
  resolved "https://registry.npmjs.org/escalade/-/escalade-3.2.0.tgz"
  integrity sha512-WUj2qlxaQtO4g6Pq5c29GTcWGDyd8itL8zTlipgECz3JesAiiOKotd8JU6otB3PACgG6xkJUyVhboMS+bje/jA==

escape-goat@^3.0.0:
  version "3.0.0"
  resolved "https://registry.npmjs.org/escape-goat/-/escape-goat-3.0.0.tgz"
  integrity sha512-w3PwNZJwRxlp47QGzhuEBldEqVHHhh8/tIPcl6ecf2Bou99cdAt0knihBV0Ecc7CGxYduXVBDheH1K2oADRlvw==

fill-range@^7.1.1:
  version "7.1.1"
  resolved "https://registry.npmjs.org/fill-range/-/fill-range-7.1.1.tgz"
  integrity sha512-YsGpe3WHLK8ZYi4tWDg2Jy3ebRz2rXowDxnld4bkQB00cc/1Zw9AWnC0i9ztDJitivtQvaI9KaLyKrc+hBW0yg==
  dependencies:
    to-regex-range "^5.0.1"

foreground-child@^3.1.0:
  version "3.3.0"
  resolved "https://registry.npmjs.org/foreground-child/-/foreground-child-3.3.0.tgz"
  integrity sha512-Ld2g8rrAyMYFXBhEqMz8ZAHBi4J4uS1i/CxGMDnjyFWddMXLVcDp051DZfu+t7+ab7Wv6SMqpWmyFIj5UbfFvg==
  dependencies:
    cross-spawn "^7.0.0"
    signal-exit "^4.0.1"

fsevents@~2.3.2:
  version "2.3.3"
  resolved "https://registry.yarnpkg.com/fsevents/-/fsevents-2.3.3.tgz#cac6407785d03675a2a5e1a5305c697b347d90d6"
  integrity sha512-5xoDfX+fL7faATnagmWPpbFtwh/R77WmMMqqHGS65C3vvB0YHrgF+B1YmZ3441tMj5n63k0212XNoJwzlhffQw==

get-caller-file@^2.0.5:
  version "2.0.5"
  resolved "https://registry.npmjs.org/get-caller-file/-/get-caller-file-2.0.5.tgz"
  integrity sha512-DyFP3BM/3YHTQOCUL/w0OZHR0lpKeGrxotcHWcqNEdnltqFwXVfhEBQ94eIo34AfQpo0rGki4cyIiftY06h2Fg==

glob-parent@~5.1.2:
  version "5.1.2"
  resolved "https://registry.npmjs.org/glob-parent/-/glob-parent-5.1.2.tgz"
  integrity sha512-AOIgSQCepiJYwP3ARnGx+5VnTu2HBYdzbGP45eLw1vr3zB3vZLeyed1sC9hnbcOc9/SrMyM5RPQrkGz4aS9Zow==
  dependencies:
    is-glob "^4.0.1"

glob@^10.3.10, glob@^10.3.3:
  version "10.5.0"
  resolved "https://registry.yarnpkg.com/glob/-/glob-10.5.0.tgz#8ec0355919cd3338c28428a23d4f24ecc5fe738c"
  integrity sha512-DfXN8DfhJ7NH3Oe7cFmu3NCu1wKbkReJ8TorzSAFbSKrlNaQSKfIzqYqVY8zlbs2NLBbWpRiU52GX2PbaBVNkg==
  dependencies:
    foreground-child "^3.1.0"
    jackspeak "^3.1.2"
    minimatch "^9.0.4"
    minipass "^7.1.2"
    package-json-from-dist "^1.0.0"
    path-scurry "^1.11.1"

he@^1.2.0:
  version "1.2.0"
  resolved "https://registry.npmjs.org/he/-/he-1.2.0.tgz"
  integrity sha512-F/1DnUGPopORZi0ni+CvrCgHQ5FyEAHRLSApuYWMmrbSwoN2Mn/7k+Gl38gJnR7yyDZk6WLXwiGod1JOWNDKGw==

html-minifier@^4.0.0:
  version "4.0.0"
  resolved "https://registry.npmjs.org/html-minifier/-/html-minifier-4.0.0.tgz"
  integrity sha512-aoGxanpFPLg7MkIl/DDFYtb0iWz7jMFGqFhvEDZga6/4QTjneiD8I/NXL1x5aaoCp7FSIT6h/OhykDdPsbtMig==
  dependencies:
    camel-case "^3.0.0"
    clean-css "^4.2.1"
    commander "^2.19.0"
    he "^1.2.0"
    param-case "^2.1.1"
    relateurl "^0.2.7"
    uglify-js "^3.5.1"

htmlparser2@^5.0.0:
  version "5.0.1"
  resolved "https://registry.npmjs.org/htmlparser2/-/htmlparser2-5.0.1.tgz"
  integrity sha512-vKZZra6CSe9qsJzh0BjBGXo8dvzNsq/oGvsjfRdOrrryfeD9UOBEEQdeoqCRmKZchF5h2zOBMQ6YuQ0uRUmdbQ==
  dependencies:
    domelementtype "^2.0.1"
    domhandler "^3.3.0"
    domutils "^2.4.2"
    entities "^2.0.0"

htmlparser2@^8.0.1:
  version "8.0.2"
  resolved "https://registry.npmjs.org/htmlparser2/-/htmlparser2-8.0.2.tgz"
  integrity sha512-GYdjWKDkbRLkZ5geuHs5NY1puJ+PXwP7+fHPRz06Eirsb9ugf6d8kkXav6ADhcODhFFPMIXyxkxSuMf3D6NCFA==
  dependencies:
    domelementtype "^2.3.0"
    domhandler "^5.0.3"
    domutils "^3.0.1"
    entities "^4.4.0"

htmlparser2@^9.1.0:
  version "9.1.0"
  resolved "https://registry.npmjs.org/htmlparser2/-/htmlparser2-9.1.0.tgz"
  integrity sha512-5zfg6mHUoaer/97TxnGpxmbR7zJtPwIYFMZ/H5ucTlPZhKvtum05yiPK3Mgai3a0DyVxv7qYqoweaEd2nrYQzQ==
  dependencies:
    domelementtype "^2.3.0"
    domhandler "^5.0.3"
    domutils "^3.1.0"
    entities "^4.5.0"

ini@^1.3.4:
  version "1.3.8"
  resolved "https://registry.npmjs.org/ini/-/ini-1.3.8.tgz"
  integrity sha512-JV/yugV2uzW5iMRSiZAyDtQd+nxtUnjeLt0acNdw98kKLrvuRVyB80tsREOE7yvGVgalhZ6RNXCmEHkUKBKxew==

is-binary-path@~2.1.0:
  version "2.1.0"
  resolved "https://registry.npmjs.org/is-binary-path/-/is-binary-path-2.1.0.tgz"
  integrity sha512-ZMERYes6pDydyuGidse7OsHxtbI7WVeUEozgR/g7rd0xUimYNlvZRE/K2MgZTjWy725IfelLeVcEM97mmtRGXw==
  dependencies:
    binary-extensions "^2.0.0"

is-extglob@^2.1.1:
  version "2.1.1"
  resolved "https://registry.npmjs.org/is-extglob/-/is-extglob-2.1.1.tgz"
  integrity sha512-SbKbANkN603Vi4jEZv49LeVJMn4yGwsbzZworEoyEiutsN3nJYdbO36zfhGJ6QEDpOZIFkDtnq5JRxmvl3jsoQ==

is-fullwidth-code-point@^3.0.0:
  version "3.0.0"
  resolved "https://registry.npmjs.org/is-fullwidth-code-point/-/is-fullwidth-code-point-3.0.0.tgz"
  integrity sha512-zymm5+u+sCsSWyD9qNaejV3DFvhCKclKdizYaJUuHA83RLjb7nSuGnddCHGv0hk+KY7BMAlsWeK4Ueg6EV6XQg==

is-glob@^4.0.1, is-glob@~4.0.1:
  version "4.0.3"
  resolved "https://registry.npmjs.org/is-glob/-/is-glob-4.0.3.tgz"
  integrity sha512-xelSayHH36ZgE7ZWhli7pW34hNbNl8Ojv5KVmkJD4hBdD3th8Tfk9vYasLM+mXWOZhFkgZfxhLSnrwRr4elSSg==
  dependencies:
    is-extglob "^2.1.1"

is-number@^7.0.0:
  version "7.0.0"
  resolved "https://registry.npmjs.org/is-number/-/is-number-7.0.0.tgz"
  integrity sha512-41Cifkg6e8TylSpdtTpeLVMqvSBEVzTttHvERD741+pnZ8ANv0004MRL43QKPDlK9cGvNp6NZWZUBlbGXYxxng==

is-svg@^6.1.0:
  version "6.1.0"
  resolved "https://registry.yarnpkg.com/is-svg/-/is-svg-6.1.0.tgz#b75936327dcbd3fa3af1f1098d5390245fbdd8b1"
  integrity sha512-i7YPdvYuSCYcaLQrKwt8cvKTlwHcdA6Hp8N9SO3Q5jIzo8x6kH3N47W0BvPP7NdxVBmIHx7X9DK36czYYW7lHg==
  dependencies:
    "@file-type/xml" "^0.4.3"

isexe@^2.0.0:
  version "2.0.0"
  resolved "https://registry.npmjs.org/isexe/-/isexe-2.0.0.tgz"
  integrity sha512-RHxMLp9lnKHGHRng9QFhRCMbYAcVpn69smSGcq3f36xjgVVWThj4qqLbTLlq7Ssj8B+fIQ1EuCEGI2lKsyQeIw==

jackspeak@^3.1.2:
  version "3.4.3"
  resolved "https://registry.npmjs.org/jackspeak/-/jackspeak-3.4.3.tgz"
  integrity sha512-OGlZQpz2yfahA/Rd1Y8Cd9SIEsqvXkLVoSw/cgwhnhFMDbsQFeZYoJJ7bIZBS9BcamUW96asq/npPWugM+RQBw==
  dependencies:
    "@isaacs/cliui" "^8.0.2"
  optionalDependencies:
    "@pkgjs/parseargs" "^0.11.0"

jquery-ui@^1.14.2:
  version "1.14.2"
  resolved "https://registry.yarnpkg.com/jquery-ui/-/jquery-ui-1.14.2.tgz#515288b5c730b720acca6e53a0366827ad834053"
  integrity sha512-1gSl7PUjyipa2adSr780Ujk16faicrV7PjPPzPtvWk7tTqBnsqp67NNV9jZK2+BIxUPXWSnIUU/LBCgwgGZE+Q==
  dependencies:
    jquery ">=1.12.0 <5.0.0"

"jquery@>=1.12.0 <5.0.0", jquery@^4.0.0:
  version "4.0.0"
  resolved "https://registry.yarnpkg.com/jquery/-/jquery-4.0.0.tgz#95c33ac29005ff72ec444c5ba1cf457e61404fbb"
  integrity sha512-TXCHVR3Lb6TZdtw1l3RTLf8RBWVGexdxL6AC8/e0xZKEpBflBsjh9/8LXw+dkNFuOyW9B7iB3O1sP7hS0Kiacg==

js-beautify@^1.6.14:
  version "1.15.1"
  resolved "https://registry.npmjs.org/js-beautify/-/js-beautify-1.15.1.tgz"
  integrity sha512-ESjNzSlt/sWE8sciZH8kBF8BPlwXPwhR6pWKAw8bw4Bwj+iZcnKW6ONWUutJ7eObuBZQpiIb8S7OYspWrKt7rA==
  dependencies:
    config-chain "^1.1.13"
    editorconfig "^1.0.4"
    glob "^10.3.3"
    js-cookie "^3.0.5"
    nopt "^7.2.0"

js-cookie@^3.0.5:
  version "3.0.5"
  resolved "https://registry.npmjs.org/js-cookie/-/js-cookie-3.0.5.tgz"
  integrity sha512-cEiJEAEoIbWfCZYKWhVwFuvPX1gETRYPw6LlaTKoxD3s2AkXzkCjnp6h0V77ozyqj0jakteJ4YqDJT830+lVGw==

juice@^10.0.0:
  version "10.0.1"
  resolved "https://registry.npmjs.org/juice/-/juice-10.0.1.tgz"
  integrity sha512-ZhJT1soxJCkOiO55/mz8yeBKTAJhRzX9WBO+16ZTqNTONnnVlUPyVBIzQ7lDRjaBdTbid+bAnyIon/GM3yp4cA==
  dependencies:
    cheerio "1.0.0-rc.12"
    commander "^6.1.0"
    mensch "^0.3.4"
    slick "^1.12.2"
    web-resource-inliner "^6.0.1"

lodash@^4.17.21:
  version "4.17.23"
  resolved "https://registry.yarnpkg.com/lodash/-/lodash-4.17.23.tgz#f113b0378386103be4f6893388c73d0bde7f2c5a"
  integrity sha512-LgVTMpQtIopCi79SJeDiP0TfWi5CNEc/L/aRdTh3yIvmZXTnheWpKjSZhnvMl8iXbC1tFg9gdHHDMLoV7CnG+w==

lower-case@^1.1.1:
  version "1.1.4"
  resolved "https://registry.npmjs.org/lower-case/-/lower-case-1.1.4.tgz"
  integrity sha512-2Fgx1Ycm599x+WGpIYwJOvsjmXFzTSc34IwDWALRA/8AopUKAVPwfJ+h5+f85BCp0PWmmJcWzEpxOpoXycMpdA==

lru-cache@^10.2.0:
  version "10.4.3"
  resolved "https://registry.npmjs.org/lru-cache/-/lru-cache-10.4.3.tgz"
  integrity sha512-JNAzZcXrCt42VGLuYz0zfAzDfAvJWW6AfYlDBQyDV5DClI2m5sAmK+OIO7s59XfsRsWHp02jAJrRadPRGTt6SQ==

mensch@^0.3.4:
  version "0.3.4"
  resolved "https://registry.npmjs.org/mensch/-/mensch-0.3.4.tgz"
  integrity sha512-IAeFvcOnV9V0Yk+bFhYR07O3yNina9ANIN5MoXBKYJ/RLYPurd2d0yw14MDhpr9/momp0WofT1bPUh3hkzdi/g==

mime@^2.4.6:
  version "2.6.0"
  resolved "https://registry.npmjs.org/mime/-/mime-2.6.0.tgz"
  integrity sha512-USPkMeET31rOMiarsBNIHZKLGgvKc/LrjofAnBlOttf5ajRvqiRA8QsenbcooctK6d6Ts6aqZXBA+XbkKthiQg==

minimatch@9.0.1:
  version "9.0.1"
  resolved "https://registry.npmjs.org/minimatch/-/minimatch-9.0.1.tgz"
  integrity sha512-0jWhJpD/MdhPXwPuiRkCbfYfSKp2qnn2eOc279qI7f+osl/l+prKSrvhg157zSYvx/1nmgn2NqdT6k2Z7zSH9w==
  dependencies:
    brace-expansion "^2.0.1"

minimatch@^9.0.3, minimatch@^9.0.4:
  version "9.0.5"
  resolved "https://registry.npmjs.org/minimatch/-/minimatch-9.0.5.tgz"
  integrity sha512-G6T0ZX48xgozx7587koeX9Ys2NYy6Gmv//P89sEte9V9whIapMNF4idKxnW2QtCcLiTWlb/wfCabAtAFWhhBow==
  dependencies:
    brace-expansion "^2.0.1"

minimist@^1.2.8:
  version "1.2.8"
  resolved "https://registry.npmjs.org/minimist/-/minimist-1.2.8.tgz"
  integrity sha512-2yyAR8qBkN3YuheJanUpWC5U3bb5osDywNB8RzDVlDwDHbocAJveqqj1u8+SVD7jkWT4yvsHCpWqqWqAxb0zCA==

"minipass@^5.0.0 || ^6.0.2 || ^7.0.0", minipass@^7.1.2:
  version "7.1.2"
  resolved "https://registry.npmjs.org/minipass/-/minipass-7.1.2.tgz"
  integrity sha512-qOOzS1cBTWYF4BH8fVePDBOO9iptMnGUEZwNc/cMWnTV2nVLZ7VoNWEPHkYczZA0pdoA7dl6e7FL659nX9S2aw==

mjml-accordion@4.18.0:
  version "4.18.0"
  resolved "https://registry.yarnpkg.com/mjml-accordion/-/mjml-accordion-4.18.0.tgz#4695289161fc631bd3f4c9546fedb84b42712ef8"
  integrity sha512-9PUmy2JxIOGgAaVHvgVYX21nVAo3o/+wJckTTF/YTLGAqB+nm+44buxRzaXxVk7qXRwbCNfE8c8mlGVNh7vB1g==
  dependencies:
    "@babel/runtime" "^7.28.4"
    lodash "^4.17.21"
    mjml-core "4.18.0"

mjml-body@4.18.0:
  version "4.18.0"
  resolved "https://registry.yarnpkg.com/mjml-body/-/mjml-body-4.18.0.tgz#20731dbbc4a92813b4c4f6ce417fc79e7a0b307f"
  integrity sha512-34AwX70/7NkRIajPsa5j6NySRiNrlLatTKhiLwTVFiVtrEFlfCcbeMNmdVixI3Ldvs8209ZC6euaAnXDRyR1zw==
  dependencies:
    "@babel/runtime" "^7.28.4"
    lodash "^4.17.21"
    mjml-core "4.18.0"

mjml-button@4.18.0:
  version "4.18.0"
  resolved "https://registry.yarnpkg.com/mjml-button/-/mjml-button-4.18.0.tgz#654a1fb6ade98c32f8c7c8e90c729edde81eeefb"
  integrity sha512-ZsWMI0j7EcFCMqbqdVwMWhmsVc03FhmypWXokKopGhwySn4IAB4AOURonRmFrO7k6sDeQ+iJ9QtTu7jA+S8wmg==
  dependencies:
    "@babel/runtime" "^7.28.4"
    lodash "^4.17.21"
    mjml-core "4.18.0"

mjml-carousel@4.18.0:
  version "4.18.0"
  resolved "https://registry.yarnpkg.com/mjml-carousel/-/mjml-carousel-4.18.0.tgz#56e61a7873b91d9549d9992f517a471cdb433030"
  integrity sha512-wY4g1CHCOoVSZuar7CLFon/qkPbICu71IT+6pa4BDwkAiaAMAemZPyy+a+iIUgdc8kHgSuHGsGf6PQzBSMWRZA==
  dependencies:
    "@babel/runtime" "^7.28.4"
    lodash "^4.17.21"
    mjml-core "4.18.0"

mjml-cli@4.18.0:
  version "4.18.0"
  resolved "https://registry.yarnpkg.com/mjml-cli/-/mjml-cli-4.18.0.tgz#779902569f609ca6c1f26fadced10770a286b6fd"
  integrity sha512-N6CnA4o/q/VRnGPxTzvVnjAEcF7WUVVQGYfS9SPAp0qwyf7RysMmewdS9yN8GwXwZV6L2sKdn+3ANNi2FNsJ7w==
  dependencies:
    "@babel/runtime" "^7.28.4"
    chokidar "^3.0.0"
    glob "^10.3.10"
    html-minifier "^4.0.0"
    js-beautify "^1.6.14"
    lodash "^4.17.21"
    minimatch "^9.0.3"
    mjml-core "4.18.0"
    mjml-migrate "4.18.0"
    mjml-parser-xml "4.18.0"
    mjml-validator "4.18.0"
    yargs "^17.7.2"

mjml-column@4.18.0:
  version "4.18.0"
  resolved "https://registry.yarnpkg.com/mjml-column/-/mjml-column-4.18.0.tgz#d8357449af5804e6eb506b8cf87691787e959cf5"
  integrity sha512-0QZ1whxbHUmJaRT8tW+wmr3fWZ/kpsHKAd24c7Z/N1Otm/U2G0T/FFEFJ6cB25X6ZN0K40QZ8L9gdLfiSVuRbA==
  dependencies:
    "@babel/runtime" "^7.28.4"
    lodash "^4.17.21"
    mjml-core "4.18.0"

mjml-core@4.18.0:
  version "4.18.0"
  resolved "https://registry.yarnpkg.com/mjml-core/-/mjml-core-4.18.0.tgz#36d9ef9ff26cb010f81bef5342cf643b4fdf8043"
  integrity sha512-yey72LszXvIo5p0R6DB+YU8er/nP2wPsqpLKQCB0H8vG0WRT1sbSUvnCUOkKGn7subuyWDTdzHKbQO3XYIOmvg==
  dependencies:
    "@babel/runtime" "^7.28.4"
    cheerio "1.0.0-rc.12"
    detect-node "^2.0.4"
    html-minifier "^4.0.0"
    js-beautify "^1.6.14"
    juice "^10.0.0"
    lodash "^4.17.21"
    mjml-migrate "4.18.0"
    mjml-parser-xml "4.18.0"
    mjml-validator "4.18.0"

mjml-divider@4.18.0:
  version "4.18.0"
  resolved "https://registry.yarnpkg.com/mjml-divider/-/mjml-divider-4.18.0.tgz#36877b43836d7d05b190c109df5af73a781b6a80"
  integrity sha512-FmGUVJqi4RYroh7y85vDx0aUKZgECkxHtMQ4pkLGQbZ2g93/Qt0Ek88DVCNJ5XwUAQQkE/TvrGMLHp3CIqpQ9Q==
  dependencies:
    "@babel/runtime" "^7.28.4"
    lodash "^4.17.21"
    mjml-core "4.18.0"

mjml-group@4.18.0:
  version "4.18.0"
  resolved "https://registry.yarnpkg.com/mjml-group/-/mjml-group-4.18.0.tgz#09ec6c78e36c5c074260d888505efde645bc3da9"
  integrity sha512-28ABkXsKljBqj7XCC8GkQ94xz8HEU2XTyD+9LTlkDafzGp/MGJb8DcLh/7IkxCwqkQWyeMiDNLf1djsQ909Vxw==
  dependencies:
    "@babel/runtime" "^7.28.4"
    lodash "^4.17.21"
    mjml-core "4.18.0"

mjml-head-attributes@4.18.0:
  version "4.18.0"
  resolved "https://registry.yarnpkg.com/mjml-head-attributes/-/mjml-head-attributes-4.18.0.tgz#bf311924af6d2e0784df9bb95629bdc02583c0a7"
  integrity sha512-nLzix1wrMnojE0RPGhk4iKqSRwHKjie2EPzgKT7CDzfqN+Ref03E5Q19x3cQTLgxvq3C3CnvCQBfnhoS3Eakug==
  dependencies:
    "@babel/runtime" "^7.28.4"
    lodash "^4.17.21"
    mjml-core "4.18.0"

mjml-head-breakpoint@4.18.0:
  version "4.18.0"
  resolved "https://registry.yarnpkg.com/mjml-head-breakpoint/-/mjml-head-breakpoint-4.18.0.tgz#4d9d2e35ec0bdb2fd2c530241c38df9c19106dfb"
  integrity sha512-k6rwff+7i+vTQYJ/CjBfE20qNqPaW60IRH2x2oEPuCzmwDmoVWOcplJIuotSqIAdfwF9hLkICknisp1BpczVlQ==
  dependencies:
    "@babel/runtime" "^7.28.4"
    lodash "^4.17.21"
    mjml-core "4.18.0"

mjml-head-font@4.18.0:
  version "4.18.0"
  resolved "https://registry.yarnpkg.com/mjml-head-font/-/mjml-head-font-4.18.0.tgz#f153a8b81275a3f25fa28142e3536e3dd4606c51"
  integrity sha512-ao8HB5nf+Dmxw4GO6lMMOlnj1lNZONai0GC9RobrZgPlghZw6hpURWGpkON7pQcy6XnOHwYwkV7Go/npzA2i7w==
  dependencies:
    "@babel/runtime" "^7.28.4"
    lodash "^4.17.21"
    mjml-core "4.18.0"

mjml-head-html-attributes@4.18.0:
  version "4.18.0"
  resolved "https://registry.yarnpkg.com/mjml-head-html-attributes/-/mjml-head-html-attributes-4.18.0.tgz#167527f926919ff0cffdc8456e5db17953c81a11"
  integrity sha512-xaQE1rthe0RrNotwEr71X1tE+QQ489Yc0ynMm3oNMrohDI/TaCeazx8GAHPMM7VLduDA8D4A5wkZ6PuEvlJu4w==
  dependencies:
    "@babel/runtime" "^7.28.4"
    lodash "^4.17.21"
    mjml-core "4.18.0"

mjml-head-preview@4.18.0:
  version "4.18.0"
  resolved "https://registry.yarnpkg.com/mjml-head-preview/-/mjml-head-preview-4.18.0.tgz#6469215ee85c15ffb58801d5aea3a9f1db337d2c"
  integrity sha512-2JvYqhbLyU/+Te6/1AXxzTNoHYCDYhXOVZP7wMvU4t7K34pXqyRUNO405atyHUY1MRafrl6RJ8cIx0x5vUX7PA==
  dependencies:
    "@babel/runtime" "^7.28.4"
    lodash "^4.17.21"
    mjml-core "4.18.0"

mjml-head-style@4.18.0:
  version "4.18.0"
  resolved "https://registry.yarnpkg.com/mjml-head-style/-/mjml-head-style-4.18.0.tgz#21746637547d8a2b9b1f9337349be4f1f95b3b20"
  integrity sha512-nEwDHkAqY3Fm7QWeAZc/a7MakZpXh6THfrE8/AWrfpgzTHrD/wihNUc09ztNpr6z/K1+JWgQfSF2BRc+X3P46g==
  dependencies:
    "@babel/runtime" "^7.28.4"
    lodash "^4.17.21"
    mjml-core "4.18.0"

mjml-head-title@4.18.0:
  version "4.18.0"
  resolved "https://registry.yarnpkg.com/mjml-head-title/-/mjml-head-title-4.18.0.tgz#82f43cf4ca30f31756ce6fc4c7b71aba14d59041"
  integrity sha512-0Hm8o50rPMUQLSCOOa4D4pz9NajmCDccLvBYE4fwKdeUXjSJ6bwAYeMpveel8oNZMDUVJ4Hx+PskisEGHMHM2w==
  dependencies:
    "@babel/runtime" "^7.28.4"
    lodash "^4.17.21"
    mjml-core "4.18.0"

mjml-head@4.18.0:
  version "4.18.0"
  resolved "https://registry.yarnpkg.com/mjml-head/-/mjml-head-4.18.0.tgz#93dd1194fea0f51f23454f24835e7b3428b40872"
  integrity sha512-DS0adpIAsVMDIk2DOsHzjg+RNjQU0fF8jiVP9BmdRHVGrLPmpL9wIHZk2KvsKvZe7VaXXBijFt3DZ5/CQ/+D7Q==
  dependencies:
    "@babel/runtime" "^7.28.4"
    lodash "^4.17.21"
    mjml-core "4.18.0"

mjml-hero@4.18.0:
  version "4.18.0"
  resolved "https://registry.yarnpkg.com/mjml-hero/-/mjml-hero-4.18.0.tgz#13f6cb1763c3cdbafbbf5b7b1cbd6e4d76e25f61"
  integrity sha512-rujm0ROM4QGWw77vnl3NaVaCKXrT4xTSHeAnkHKiY5AuRf6HPTgEtutq5pdel/y6Q9GrmxvN3HRESum7tpJCJw==
  dependencies:
    "@babel/runtime" "^7.28.4"
    lodash "^4.17.21"
    mjml-core "4.18.0"

mjml-image@4.18.0:
  version "4.18.0"
  resolved "https://registry.yarnpkg.com/mjml-image/-/mjml-image-4.18.0.tgz#c909279b7742c8e75e2b146b8f1c565e1a0ad503"
  integrity sha512-e09NkoYwvzMcTv7V6H5doWD6Te2E1y2EvOLQJoXKVdQpDwyBWGdfnZke0scJGdA58HLAB+0mLYogpLwmfLaP5Q==
  dependencies:
    "@babel/runtime" "^7.28.4"
    lodash "^4.17.21"
    mjml-core "4.18.0"

mjml-migrate@4.18.0:
  version "4.18.0"
  resolved "https://registry.yarnpkg.com/mjml-migrate/-/mjml-migrate-4.18.0.tgz#1b08c93a9358b45f5b607043872fad216ef0ff9e"
  integrity sha512-qfNCgW9zhJIsbPyXFA5RT/WY4mlje3N0WhHHOsHc0nY89Q01DenyslUy9nLLGXwi4K5FHS58oCjwWbMhwDcj1w==
  dependencies:
    "@babel/runtime" "^7.28.4"
    js-beautify "^1.6.14"
    lodash "^4.17.21"
    mjml-core "4.18.0"
    mjml-parser-xml "4.18.0"
    yargs "^17.7.2"

mjml-navbar@4.18.0:
  version "4.18.0"
  resolved "https://registry.yarnpkg.com/mjml-navbar/-/mjml-navbar-4.18.0.tgz#b367eac34f22aa05e5506c07db6a0273b6255c67"
  integrity sha512-uho/MS2tfNAe+V9u2X7NoCco34MDbdp30ETA8009Qo1VCP/D8lZ+s69WGRPu6hvN/Y2pzBgZly++CMg3qFZqBQ==
  dependencies:
    "@babel/runtime" "^7.28.4"
    lodash "^4.17.21"
    mjml-core "4.18.0"

mjml-parser-xml@4.18.0:
  version "4.18.0"
  resolved "https://registry.yarnpkg.com/mjml-parser-xml/-/mjml-parser-xml-4.18.0.tgz#53f78f6d5710eee9fcf4bf110d19cd4b300d66bf"
  integrity sha512-sHSsZg4afY1heThuJzxa1Kvfh/QzB7/9P5fFUHeVnnxb07ZTXnhXWA6YbobdND5/l9+5yjN5/UgqDZm3tIT4Uw==
  dependencies:
    "@babel/runtime" "^7.28.4"
    detect-node "2.1.0"
    htmlparser2 "^9.1.0"
    lodash "^4.17.21"

mjml-preset-core@4.18.0:
  version "4.18.0"
  resolved "https://registry.yarnpkg.com/mjml-preset-core/-/mjml-preset-core-4.18.0.tgz#183b79cf51847e898c6e0c70601328665e85e2ef"
  integrity sha512-x3l8vMVtsaqM/jauMeZIN7HFD2t5A28J4U0o4849yIlRxiWguLFV5l3BL8Byol+YLkoLuT9PjaZs9RYv+FGfeg==
  dependencies:
    "@babel/runtime" "^7.28.4"
    mjml-accordion "4.18.0"
    mjml-body "4.18.0"
    mjml-button "4.18.0"
    mjml-carousel "4.18.0"
    mjml-column "4.18.0"
    mjml-divider "4.18.0"
    mjml-group "4.18.0"
    mjml-head "4.18.0"
    mjml-head-attributes "4.18.0"
    mjml-head-breakpoint "4.18.0"
    mjml-head-font "4.18.0"
    mjml-head-html-attributes "4.18.0"
    mjml-head-preview "4.18.0"
    mjml-head-style "4.18.0"
    mjml-head-title "4.18.0"
    mjml-hero "4.18.0"
    mjml-image "4.18.0"
    mjml-navbar "4.18.0"
    mjml-raw "4.18.0"
    mjml-section "4.18.0"
    mjml-social "4.18.0"
    mjml-spacer "4.18.0"
    mjml-table "4.18.0"
    mjml-text "4.18.0"
    mjml-wrapper "4.18.0"

mjml-raw@4.18.0:
  version "4.18.0"
  resolved "https://registry.yarnpkg.com/mjml-raw/-/mjml-raw-4.18.0.tgz#8683b716c592a12560175697407e5130373cf8ac"
  integrity sha512-F/kViAwXm3ccPP52kw++/mHQbcYbYYxC8JH15TZxH8GLVZkX5CGKgcBrHhDK7WoIlfEIsVRZ6IZdlHjH8vgyxw==
  dependencies:
    "@babel/runtime" "^7.28.4"
    lodash "^4.17.21"
    mjml-core "4.18.0"

mjml-section@4.18.0:
  version "4.18.0"
  resolved "https://registry.yarnpkg.com/mjml-section/-/mjml-section-4.18.0.tgz#ca4257bdd83c6202b03ace84f7a6246f453f9669"
  integrity sha512-bB8My9zvIEkTOxej+TrjEeaeRT0lsypGeRADtdrRZXeqUClkkuCnCXlsNKSLGT8ZRqjUqWRc5z8ubDOvGk2+Gg==
  dependencies:
    "@babel/runtime" "^7.28.4"
    lodash "^4.17.21"
    mjml-core "4.18.0"

mjml-social@4.18.0:
  version "4.18.0"
  resolved "https://registry.yarnpkg.com/mjml-social/-/mjml-social-4.18.0.tgz#c9eeb1116f77120431fa27e583e3513852e0c487"
  integrity sha512-iAQc9g59L6L3VHDd55BxeIvk/zHkxflxmvuyYyOOvpmmKAvUBC//ULfpxiiM4yupofsThqFfrO+wc8d4kTRkbQ==
  dependencies:
    "@babel/runtime" "^7.28.4"
    lodash "^4.17.21"
    mjml-core "4.18.0"

mjml-spacer@4.18.0:
  version "4.18.0"
  resolved "https://registry.yarnpkg.com/mjml-spacer/-/mjml-spacer-4.18.0.tgz#ab55416f943ca1b3e515bba6203d81b88eab8337"
  integrity sha512-FK/0f5IBiONgaRpwNBs7G8EbLdAbmYqcIfHR8O8tP4LipAChLQKHO9vX3vrRMGLBZZNTESLObcFSVWmA40Mfpw==
  dependencies:
    "@babel/runtime" "^7.28.4"
    lodash "^4.17.21"
    mjml-core "4.18.0"

mjml-table@4.18.0:
  version "4.18.0"
  resolved "https://registry.yarnpkg.com/mjml-table/-/mjml-table-4.18.0.tgz#3c57741f3aff14428921157d63912709aa005adc"
  integrity sha512-vJysCPUL3CHcsQDAFpW+skzBtY0RYsmMBYswI4WX0B05GLKlOjXqpYOwcmAupWeGoBVL5r/t28ynu2PqnOlN3w==
  dependencies:
    "@babel/runtime" "^7.28.4"
    lodash "^4.17.21"
    mjml-core "4.18.0"

mjml-text@4.18.0:
  version "4.18.0"
  resolved "https://registry.yarnpkg.com/mjml-text/-/mjml-text-4.18.0.tgz#f4855611975643cef33bf1b334e1734956994d8e"
  integrity sha512-hBLmF3JgveUKktKQFWHqHAr7qr92j1CxAvq7mtpDUgiWgyPFzqRX8mUsFYgZ7DmRxG4UE+Kzpt8/YFd9+E98lw==
  dependencies:
    "@babel/runtime" "^7.28.4"
    lodash "^4.17.21"
    mjml-core "4.18.0"

mjml-validator@4.18.0:
  version "4.18.0"
  resolved "https://registry.yarnpkg.com/mjml-validator/-/mjml-validator-4.18.0.tgz#6f5fb9804a6bb5910aa9cf0b64896fb6f9ae0132"
  integrity sha512-JmpWAsNTUlAxJOz2zHYfF8Vod8OzM3Qp5JXtrVw5tivZQzq88ZfqVGuqsas51z0pp1/ilfD4lC17YGfGwKGyhA==
  dependencies:
    "@babel/runtime" "^7.28.4"

mjml-wrapper@4.18.0:
  version "4.18.0"
  resolved "https://registry.yarnpkg.com/mjml-wrapper/-/mjml-wrapper-4.18.0.tgz#73e62fa05f307c6b763233284e8f27a16c3c03cd"
  integrity sha512-TZeOvLjIhXEK60rjWNiYhEYNlv5GKYahE+96ifcT5OGkWkRA0DsQDfp+6VI32OS5VxsfKq2h/UdERPlQijjpAQ==
  dependencies:
    "@babel/runtime" "^7.28.4"
    lodash "^4.17.21"
    mjml-core "4.18.0"
    mjml-section "4.18.0"

mjml@^4.18.0:
  version "4.18.0"
  resolved "https://registry.yarnpkg.com/mjml/-/mjml-4.18.0.tgz#9e4b37d26c1ad689ca26f889048b884e47e26fff"
  integrity sha512-rQM4aqFRrNvV1k733e8hJSopBjZvoSdBpRYzNTMAN+As0jqJsO5eN0wTT2IFtfe4PREzzu5b06RkPiUQdd0IIg==
  dependencies:
    "@babel/runtime" "^7.28.4"
    mjml-cli "4.18.0"
    mjml-core "4.18.0"
    mjml-migrate "4.18.0"
    mjml-preset-core "4.18.0"
    mjml-validator "4.18.0"

no-case@^2.2.0:
  version "2.3.2"
  resolved "https://registry.npmjs.org/no-case/-/no-case-2.3.2.tgz"
  integrity sha512-rmTZ9kz+f3rCvK2TD1Ue/oZlns7OGoIWP4fc3llxxRXlOkHKoWPPWJOfFYpITabSow43QJbRIoHQXtt10VldyQ==
  dependencies:
    lower-case "^1.1.1"

node-fetch@^2.6.0:
  version "2.7.0"
  resolved "https://registry.npmjs.org/node-fetch/-/node-fetch-2.7.0.tgz"
  integrity sha512-c4FRfUm/dbcWZ7U+1Wq0AwCyFL+3nt2bEw05wfxSz+DWpWsitgmSgYmy2dQdWyKC1694ELPqMs/YzUSNozLt8A==
  dependencies:
    whatwg-url "^5.0.0"

nopt@^7.2.0:
  version "7.2.1"
  resolved "https://registry.npmjs.org/nopt/-/nopt-7.2.1.tgz"
  integrity sha512-taM24ViiimT/XntxbPyJQzCG+p4EKOpgD3mxFwW38mGjVUrfERQOeY4EDHjdnptttfHuHQXFx+lTP08Q+mLa/w==
  dependencies:
    abbrev "^2.0.0"

normalize-path@^3.0.0, normalize-path@~3.0.0:
  version "3.0.0"
  resolved "https://registry.npmjs.org/normalize-path/-/normalize-path-3.0.0.tgz"
  integrity sha512-6eZs5Ls3WtCisHWp9S2GUy8dqkpGi4BVSz3GaqiE6ezub0512ESztXUwUB6C6IKbQkY2Pnb/mD4WYojCRwcwLA==

nth-check@^2.0.1:
  version "2.1.1"
  resolved "https://registry.npmjs.org/nth-check/-/nth-check-2.1.1.tgz"
  integrity sha512-lqjrjmaOoAnWfMmBPL+XNnynZh2+swxiX3WUE0s4yEHI6m+AwrK2UZOimIRl3X/4QctVqS8AiZjFqyOGrMXb/w==
  dependencies:
    boolbase "^1.0.0"

package-json-from-dist@^1.0.0:
  version "1.0.0"
  resolved "https://registry.npmjs.org/package-json-from-dist/-/package-json-from-dist-1.0.0.tgz"
  integrity sha512-dATvCeZN/8wQsGywez1mzHtTlP22H8OEfPrVMLNr4/eGa+ijtLn/6M5f0dY8UKNrC2O9UCU6SSoG3qRKnt7STw==

param-case@^2.1.1:
  version "2.1.1"
  resolved "https://registry.npmjs.org/param-case/-/param-case-2.1.1.tgz"
  integrity sha512-eQE845L6ot89sk2N8liD8HAuH4ca6Vvr7VWAWwt7+kvvG5aBcPmmphQ68JsEG2qa9n1TykS2DLeMt363AAH8/w==
  dependencies:
    no-case "^2.2.0"

parse5-htmlparser2-tree-adapter@^7.0.0:
  version "7.0.0"
  resolved "https://registry.npmjs.org/parse5-htmlparser2-tree-adapter/-/parse5-htmlparser2-tree-adapter-7.0.0.tgz"
  integrity sha512-B77tOZrqqfUfnVcOrUvfdLbz4pu4RopLD/4vmu3HUPswwTA8OH0EMW9BlWR2B0RCoiZRAHEUu7IxeP1Pd1UU+g==
  dependencies:
    domhandler "^5.0.2"
    parse5 "^7.0.0"

parse5@^7.0.0:
  version "7.1.2"
  resolved "https://registry.npmjs.org/parse5/-/parse5-7.1.2.tgz"
  integrity sha512-Czj1WaSVpaoj0wbhMzLmWD69anp2WH7FXMB9n1Sy8/ZFF9jolSQVMu1Ij5WIyGmcBmhk7EOndpO4mIpihVqAXw==
  dependencies:
    entities "^4.4.0"

path-key@^3.1.0:
  version "3.1.1"
  resolved "https://registry.npmjs.org/path-key/-/path-key-3.1.1.tgz"
  integrity sha512-ojmeN0qd+y0jszEtoY48r0Peq5dwMEkIlCOu6Q5f41lfkswXuKtYrhgoTpLnyIcHm24Uhqx+5Tqm2InSwLhE6Q==

path-scurry@^1.11.1:
  version "1.11.1"
  resolved "https://registry.npmjs.org/path-scurry/-/path-scurry-1.11.1.tgz"
  integrity sha512-Xa4Nw17FS9ApQFJ9umLiJS4orGjm7ZzwUrwamcGQuHSzDyth9boKDaycYdDcZDuqYATXw4HFXgaqWTctW/v1HA==
  dependencies:
    lru-cache "^10.2.0"
    minipass "^5.0.0 || ^6.0.2 || ^7.0.0"

peek-readable@^7.0.0:
  version "7.0.0"
  resolved "https://registry.yarnpkg.com/peek-readable/-/peek-readable-7.0.0.tgz#c6e4e78ec76f7005e5f6b51ffc93fdb91ede6512"
  integrity sha512-nri2TO5JE3/mRryik9LlHFT53cgHfRK0Lt0BAZQXku/AW3E6XLt2GaY8siWi7dvW/m1z0ecn+J+bpDa9ZN3IsQ==

picomatch@^2.0.4, picomatch@^2.2.1:
  version "2.3.1"
  resolved "https://registry.npmjs.org/picomatch/-/picomatch-2.3.1.tgz"
  integrity sha512-JU3teHTNjmE2VCGFzuY8EXzCDVwEqB2a8fsIvwaStHhAWJEeVd1o1QD80CU6+ZdEXXSLbSsuLwJjkCBWqRQUVA==

proto-list@~1.2.1:
  version "1.2.4"
  resolved "https://registry.npmjs.org/proto-list/-/proto-list-1.2.4.tgz"
  integrity sha512-vtK/94akxsTMhe0/cbfpR+syPuszcuwhqVjJq26CuNDgFGj682oRBXOP5MJpv2r7JtE8MsiepGIqvvOTBwn2vA==

readdirp@~3.6.0:
  version "3.6.0"
  resolved "https://registry.npmjs.org/readdirp/-/readdirp-3.6.0.tgz"
  integrity sha512-hOS089on8RduqdbhvQ5Z37A0ESjsqz6qnRcffsMU3495FuTdqSm+7bhJ29JvIOsBDEEnan5DPu9t3To9VRlMzA==
  dependencies:
    picomatch "^2.2.1"

relateurl@^0.2.7:
  version "0.2.7"
  resolved "https://registry.npmjs.org/relateurl/-/relateurl-0.2.7.tgz"
  integrity sha512-G08Dxvm4iDN3MLM0EsP62EDV9IuhXPR6blNz6Utcp7zyV3tr4HVNINt6MpaRWbxoOHT3Q7YN2P+jaHX8vUbgog==

require-directory@^2.1.1:
  version "2.1.1"
  resolved "https://registry.npmjs.org/require-directory/-/require-directory-2.1.1.tgz"
  integrity sha512-fGxEI7+wsG9xrvdjsrlmL22OMTTiHRwAMroiEeMgq8gzoLC/PQr7RsRDSTLUg/bZAZtF+TVIkHc6/4RIKrui+Q==

sax@^1.4.1:
  version "1.4.1"
  resolved "https://registry.yarnpkg.com/sax/-/sax-1.4.1.tgz#44cc8988377f126304d3b3fc1010c733b929ef0f"
  integrity sha512-+aWOz7yVScEGoKNd4PA10LZ8sk0A/z5+nXQG5giUO5rprX9jgYsTdov9qCchZiPIZezbZH+jRut8nPodFAX4Jg==

semver@^7.5.3:
  version "7.6.3"
  resolved "https://registry.npmjs.org/semver/-/semver-7.6.3.tgz"
  integrity sha512-oVekP1cKtI+CTDvHWYFUcMtsK/00wmAEfyqKfNdARm8u1wNVhSgaX7A8d4UuIlUI5e84iEwOhs7ZPYRmzU9U6A==

shebang-command@^2.0.0:
  version "2.0.0"
  resolved "https://registry.npmjs.org/shebang-command/-/shebang-command-2.0.0.tgz"
  integrity sha512-kHxr2zZpYtdmrN1qDjrrX/Z1rR1kG8Dx+gkpK1G4eXmvXswmcE1hTWBWYUzlraYw1/yZp6YuDY77YtvbN0dmDA==
  dependencies:
    shebang-regex "^3.0.0"

shebang-regex@^3.0.0:
  version "3.0.0"
  resolved "https://registry.npmjs.org/shebang-regex/-/shebang-regex-3.0.0.tgz"
  integrity sha512-7++dFhtcx3353uBaq8DDR4NuxBetBzC7ZQOhmTQInHEd6bSrXdiEyzCvG07Z44UYdLShWUyXt5M/yhz8ekcb1A==

signal-exit@^4.0.1:
  version "4.1.0"
  resolved "https://registry.npmjs.org/signal-exit/-/signal-exit-4.1.0.tgz"
  integrity sha512-bzyZ1e88w9O1iNJbKnOlvYTrWPDl46O1bG0D3XInv+9tkPrxrN8jUUTiFlDkkmKWgn1M6CfIA13SuGqOa9Korw==

slick@^1.12.2:
  version "1.12.2"
  resolved "https://registry.npmjs.org/slick/-/slick-1.12.2.tgz"
  integrity sha512-4qdtOGcBjral6YIBCWJ0ljFSKNLz9KkhbWtuGvUyRowl1kxfuE1x/Z/aJcaiilpb3do9bl5K7/1h9XC5wWpY/A==

smartmenus@^1.2.1:
  version "1.2.1"
  resolved "https://registry.npmjs.org/smartmenus/-/smartmenus-1.2.1.tgz"
  integrity sha512-W5UoxfywB2o9fsk6RglDoSIJoCtBPnajJCiip9JBfRX46ZV+LkTtysiChiVJNEm8QZOPb9MPC1wXrrCTzGIaAw==

source-map@~0.6.0:
  version "0.6.1"
  resolved "https://registry.npmjs.org/source-map/-/source-map-0.6.1.tgz"
  integrity sha512-UjgapumWlbMhkBgzT7Ykc5YXUT46F0iKu8SGXq0bcwP5dz/h0Plj6enJqjz1Zbq2l5WaqYnrVbwWOWMyF3F47g==

spark-md5@^3.0.0:
  version "3.0.1"
  resolved "https://registry.npmjs.org/spark-md5/-/spark-md5-3.0.1.tgz"
  integrity sha512-0tF3AGSD1ppQeuffsLDIOWlKUd3lS92tFxcsrh5Pe3ZphhnoK+oXIBTzOAThZCiuINZLvpiLH/1VS1/ANEJVig==

"string-width-cjs@npm:string-width@^4.2.0":
  version "4.2.3"
  resolved "https://registry.npmjs.org/string-width/-/string-width-4.2.3.tgz"
  integrity sha512-wKyQRQpjJ0sIp62ErSZdGsjMJWsap5oRNihHhu6G7JVO/9jIB6UyevL+tXuOqrng8j/cxKTWyWUwvSTriiZz/g==
  dependencies:
    emoji-regex "^8.0.0"
    is-fullwidth-code-point "^3.0.0"
    strip-ansi "^6.0.1"

string-width@^4.1.0, string-width@^4.2.0, string-width@^4.2.3:
  version "4.2.3"
  resolved "https://registry.npmjs.org/string-width/-/string-width-4.2.3.tgz"
  integrity sha512-wKyQRQpjJ0sIp62ErSZdGsjMJWsap5oRNihHhu6G7JVO/9jIB6UyevL+tXuOqrng8j/cxKTWyWUwvSTriiZz/g==
  dependencies:
    emoji-regex "^8.0.0"
    is-fullwidth-code-point "^3.0.0"
    strip-ansi "^6.0.1"

string-width@^5.0.1, string-width@^5.1.2:
  version "5.1.2"
  resolved "https://registry.npmjs.org/string-width/-/string-width-5.1.2.tgz"
  integrity sha512-HnLOCR3vjcY8beoNLtcjZ5/nxn2afmME6lhrDrebokqMap+XbeW8n9TXpPDOqdGK5qcI3oT0GKTW6wC7EMiVqA==
  dependencies:
    eastasianwidth "^0.2.0"
    emoji-regex "^9.2.2"
    strip-ansi "^7.0.1"

"strip-ansi-cjs@npm:strip-ansi@^6.0.1":
  version "6.0.1"
  resolved "https://registry.npmjs.org/strip-ansi/-/strip-ansi-6.0.1.tgz"
  integrity sha512-Y38VPSHcqkFrCpFnQ9vuSXmquuv5oXOKpGeT6aGrr3o3Gc9AlVa6JBfUSOCnbxGGZF+/0ooI7KrPuUSztUdU5A==
  dependencies:
    ansi-regex "^5.0.1"

strip-ansi@^6.0.0, strip-ansi@^6.0.1:
  version "6.0.1"
  resolved "https://registry.npmjs.org/strip-ansi/-/strip-ansi-6.0.1.tgz"
  integrity sha512-Y38VPSHcqkFrCpFnQ9vuSXmquuv5oXOKpGeT6aGrr3o3Gc9AlVa6JBfUSOCnbxGGZF+/0ooI7KrPuUSztUdU5A==
  dependencies:
    ansi-regex "^5.0.1"

strip-ansi@^7.0.1:
  version "7.1.0"
  resolved "https://registry.npmjs.org/strip-ansi/-/strip-ansi-7.1.0.tgz"
  integrity sha512-iq6eVVI64nQQTRYq2KtEg2d2uU7LElhTJwsH4YzIHZshxlgZms/wIc4VoDQTlG/IvVIrBKG06CrZnp0qv7hkcQ==
  dependencies:
    ansi-regex "^6.0.1"

strtok3@^10.2.2:
  version "10.2.2"
  resolved "https://registry.yarnpkg.com/strtok3/-/strtok3-10.2.2.tgz#a4c6d78d15db02c5eb20d92af3eedf81edaf09d2"
  integrity sha512-Xt18+h4s7Z8xyZ0tmBoRmzxcop97R4BAh+dXouUDCYn+Em+1P3qpkUfI5ueWLT8ynC5hZ+q4iPEmGG1urvQGBg==
  dependencies:
    "@tokenizer/token" "^0.3.0"
    peek-readable "^7.0.0"

to-regex-range@^5.0.1:
  version "5.0.1"
  resolved "https://registry.npmjs.org/to-regex-range/-/to-regex-range-5.0.1.tgz"
  integrity sha512-65P7iz6X5yEr1cwcgvQxbbIw7Uk3gOy5dIdtZ4rDveLqhrdJP+Li/Hx6tyK0NEb+2GCyneCMJiGqrADCSNk8sQ==
  dependencies:
    is-number "^7.0.0"

tr46@~0.0.3:
  version "0.0.3"
  resolved "https://registry.npmjs.org/tr46/-/tr46-0.0.3.tgz"
  integrity sha512-N3WMsuqV66lT30CrXNbEjx4GEwlow3v6rr4mCcv6prnfwhS01rkgyFdjPNBYd9br7LpXV1+Emh01fHnq2Gdgrw==

uglify-js@^3.5.1:
  version "3.19.3"
  resolved "https://registry.npmjs.org/uglify-js/-/uglify-js-3.19.3.tgz"
  integrity sha512-v3Xu+yuwBXisp6QYTcH4UbH+xYJXqnq2m/LtQVWKWzYc1iehYnLixoQDN9FH6/j9/oybfd6W9Ghwkl8+UMKTKQ==

upper-case@^1.1.1:
  version "1.1.3"
  resolved "https://registry.npmjs.org/upper-case/-/upper-case-1.1.3.tgz"
  integrity sha512-WRbjgmYzgXkCV7zNVpy5YgrHgbBv126rMALQQMrmzOVC4GM2waQ9x7xtm8VU+1yF2kWyPzI9zbZ48n4vSxwfSA==

valid-data-url@^3.0.0:
  version "3.0.1"
  resolved "https://registry.npmjs.org/valid-data-url/-/valid-data-url-3.0.1.tgz"
  integrity sha512-jOWVmzVceKlVVdwjNSenT4PbGghU0SBIizAev8ofZVgivk/TVHXSbNL8LP6M3spZvkR9/QolkyJavGSX5Cs0UA==

web-resource-inliner@^6.0.1:
  version "6.0.1"
  resolved "https://registry.npmjs.org/web-resource-inliner/-/web-resource-inliner-6.0.1.tgz"
  integrity sha512-kfqDxt5dTB1JhqsCUQVFDj0rmY+4HLwGQIsLPbyrsN9y9WV/1oFDSx3BQ4GfCv9X+jVeQ7rouTqwK53rA/7t8A==
  dependencies:
    ansi-colors "^4.1.1"
    escape-goat "^3.0.0"
    htmlparser2 "^5.0.0"
    mime "^2.4.6"
    node-fetch "^2.6.0"
    valid-data-url "^3.0.0"

webidl-conversions@^3.0.0:
  version "3.0.1"
  resolved "https://registry.npmjs.org/webidl-conversions/-/webidl-conversions-3.0.1.tgz"
  integrity sha512-2JAn3z8AR6rjK8Sm8orRC0h/bcl/DqL7tRPdGZ4I1CjdF+EaMLmYxBHyXuKL849eucPFhvBoxMsflfOb8kxaeQ==

whatwg-url@^5.0.0:
  version "5.0.0"
  resolved "https://registry.npmjs.org/whatwg-url/-/whatwg-url-5.0.0.tgz"
  integrity sha512-saE57nupxk6v3HY35+jzBwYa0rKSy0XR8JSxZPwgLr7ys0IBzhGviA1/TUGJLmSVqs8pb9AnvICXEuOHLprYTw==
  dependencies:
    tr46 "~0.0.3"
    webidl-conversions "^3.0.0"

which@^2.0.1:
  version "2.0.2"
  resolved "https://registry.npmjs.org/which/-/which-2.0.2.tgz"
  integrity sha512-BLI3Tl1TW3Pvl70l3yq3Y64i+awpwXqsGBYWkkqMtnbXgrMD+yj7rhW0kuEDxzJaYXGjEW5ogapKNMEKNMjibA==
  dependencies:
    isexe "^2.0.0"

"wrap-ansi-cjs@npm:wrap-ansi@^7.0.0":
  version "7.0.0"
  resolved "https://registry.npmjs.org/wrap-ansi/-/wrap-ansi-7.0.0.tgz"
  integrity sha512-YVGIj2kamLSTxw6NsZjoBxfSwsn0ycdesmc4p+Q21c5zPuZ1pl+NfxVdxPtdHvmNVOQ6XSYG4AUtyt/Fi7D16Q==
  dependencies:
    ansi-styles "^4.0.0"
    string-width "^4.1.0"
    strip-ansi "^6.0.0"

wrap-ansi@^7.0.0:
  version "7.0.0"
  resolved "https://registry.npmjs.org/wrap-ansi/-/wrap-ansi-7.0.0.tgz"
  integrity sha512-YVGIj2kamLSTxw6NsZjoBxfSwsn0ycdesmc4p+Q21c5zPuZ1pl+NfxVdxPtdHvmNVOQ6XSYG4AUtyt/Fi7D16Q==
  dependencies:
    ansi-styles "^4.0.0"
    string-width "^4.1.0"
    strip-ansi "^6.0.0"

wrap-ansi@^8.1.0:
  version "8.1.0"
  resolved "https://registry.npmjs.org/wrap-ansi/-/wrap-ansi-8.1.0.tgz"
  integrity sha512-si7QWI6zUMq56bESFvagtmzMdGOtoxfR+Sez11Mobfc7tm+VkUckk9bW2UeffTGVUbOksxmSw0AA2gs8g71NCQ==
  dependencies:
    ansi-styles "^6.1.0"
    string-width "^5.0.1"
    strip-ansi "^7.0.1"

y18n@^5.0.5:
  version "5.0.8"
  resolved "https://registry.npmjs.org/y18n/-/y18n-5.0.8.tgz"
  integrity sha512-0pfFzegeDWJHJIAmTLRP2DwHjdF5s7jo9tuztdQxAhINCdvS+3nGINqPd00AphqJR/0LhANUS6/+7SCb98YOfA==

yargs-parser@^21.1.1:
  version "21.1.1"
  resolved "https://registry.npmjs.org/yargs-parser/-/yargs-parser-21.1.1.tgz"
  integrity sha512-tVpsJW7DdjecAiFpbIB1e3qxIQsE6NoPc5/eTdrbbIC4h0LVsWhnoa3g+m2HclBIujHzsxZ4VJVA+GUuc2/LBw==

yargs@^17.7.2:
  version "17.7.2"
  resolved "https://registry.npmjs.org/yargs/-/yargs-17.7.2.tgz"
  integrity sha512-7dSzzRQ++CKnNI/krKnYRV7JKKPUXMEh61soaHKg9mrWEhzFWhFnxPxGl+69cD1Ou63C13NUPCnmIcrvqCuM6w==
  dependencies:
    cliui "^8.0.1"
    escalade "^3.1.1"
    get-caller-file "^2.0.5"
    require-directory "^2.1.1"
    string-width "^4.2.3"
    y18n "^5.0.5"
    yargs-parser "^21.1.1"

yarn@^1.22.22:
  version "1.22.22"
  resolved "https://registry.npmjs.org/yarn/-/yarn-1.22.22.tgz"
  integrity sha512-prL3kGtyG7o9Z9Sv8IPfBNrWTDmXB4Qbes8A9rEzt6wkJV8mUvoirjU0Mp3GGAU06Y0XQyA3/2/RQFVuK7MTfg==
